{
  "version": 4,
  "terraform_version": "1.5.7",
  "serial": 20,
  "lineage": "35e1ddb5-915e-d0ed-4b24-deafddaae930",
  "outputs": {},
  "resources": [
    {
      "mode": "managed",
      "type": "helm_release",
      "name": "ingress_nginx",
      "provider": "provider[\"registry.terraform.io/hashicorp/helm\"]",
      "instances": [
        {
          "schema_version": 1,
          "attributes": {
            "atomic": false,
            "chart": "ingress-nginx",
            "cleanup_on_fail": false,
            "create_namespace": false,
            "dependency_update": false,
            "description": null,
            "devel": null,
            "disable_crd_hooks": false,
            "disable_openapi_validation": false,
            "disable_webhooks": false,
            "force_update": false,
            "id": "ingress-nginx",
            "keyring": null,
            "lint": false,
            "manifest": null,
            "max_history": 0,
            "metadata": [
              {
                "app_version": "1.15.1",
                "chart": "ingress-nginx",
                "first_deployed": 1777471505,
                "last_deployed": 1777471505,
                "name": "ingress-nginx",
                "namespace": "kube-system",
                "notes": "The ingress-nginx controller has been installed.\nGet the application URL by running these commands:\n  export HTTP_NODE_PORT=$(kubectl get service --namespace kube-system ingress-nginx-controller --output jsonpath=\"{.spec.ports[0].nodePort}\")\n  export HTTPS_NODE_PORT=$(kubectl get service --namespace kube-system ingress-nginx-controller --output jsonpath=\"{.spec.ports[1].nodePort}\")\n  export NODE_IP=\"$(kubectl get nodes --output jsonpath=\"{.items[0].status.addresses[1].address}\")\"\n\n  echo \"Visit http://${NODE_IP}:${HTTP_NODE_PORT} to access your application via HTTP.\"\n  echo \"Visit https://${NODE_IP}:${HTTPS_NODE_PORT} to access your application via HTTPS.\"\n\nAn example Ingress that makes use of the controller:\n  apiVersion: networking.k8s.io/v1\n  kind: Ingress\n  metadata:\n    name: example\n    namespace: foo\n  spec:\n    ingressClassName: nginx\n    rules:\n      - host: www.example.com\n        http:\n          paths:\n            - pathType: Prefix\n              backend:\n                service:\n                  name: exampleService\n                  port:\n                    number: 80\n              path: /\n    # This section is only required if TLS is to be enabled for the Ingress\n    tls:\n      - hosts:\n        - www.example.com\n        secretName: example-tls\n\nIf TLS is enabled for the Ingress, a Secret containing the certificate and key must also be provided:\n\n  apiVersion: v1\n  kind: Secret\n  metadata:\n    name: example-tls\n    namespace: foo\n  data:\n    tls.crt: \u003cbase64 encoded cert\u003e\n    tls.key: \u003cbase64 encoded key\u003e\n  type: kubernetes.io/tls\n",
                "revision": 1,
                "values": "{\"controller\":{\"hostPort\":{\"enabled\":true},\"nodeSelector\":{\"ingress-ready\":\"true\"},\"service\":{\"type\":\"NodePort\"},\"watchIngressWithoutClass\":true}}",
                "version": "4.15.1"
              }
            ],
            "name": "ingress-nginx",
            "namespace": "kube-system",
            "pass_credentials": false,
            "postrender": [],
            "recreate_pods": false,
            "render_subchart_notes": true,
            "replace": false,
            "repository": "https://kubernetes.github.io/ingress-nginx",
            "repository_ca_file": null,
            "repository_cert_file": null,
            "repository_key_file": null,
            "repository_password": null,
            "repository_username": null,
            "reset_values": false,
            "reuse_values": false,
            "set": [
              {
                "name": "controller.hostPort.enabled",
                "type": "",
                "value": "true"
              },
              {
                "name": "controller.nodeSelector.ingress-ready",
                "type": "string",
                "value": "true"
              },
              {
                "name": "controller.service.type",
                "type": "",
                "value": "NodePort"
              },
              {
                "name": "controller.watchIngressWithoutClass",
                "type": "",
                "value": "true"
              }
            ],
            "set_list": [],
            "set_sensitive": [],
            "skip_crds": false,
            "status": "deployed",
            "timeout": 300,
            "upgrade_install": null,
            "values": null,
            "verify": false,
            "version": "4.15.1",
            "wait": true,
            "wait_for_jobs": false
          },
          "sensitive_attributes": [],
          "private": "eyJzY2hlbWFfdmVyc2lvbiI6IjEifQ==",
          "dependencies": [
            "kind_cluster.survivor_net"
          ]
        }
      ]
    },
    {
      "mode": "managed",
      "type": "helm_release",
      "name": "kube_prometheus_stack",
      "provider": "provider[\"registry.terraform.io/hashicorp/helm\"]",
      "instances": [
        {
          "schema_version": 1,
          "attributes": {
            "atomic": false,
            "chart": "kube-prometheus-stack",
            "cleanup_on_fail": false,
            "create_namespace": false,
            "dependency_update": false,
            "description": null,
            "devel": null,
            "disable_crd_hooks": false,
            "disable_openapi_validation": false,
            "disable_webhooks": false,
            "force_update": false,
            "id": "kube-prometheus-stack",
            "keyring": null,
            "lint": false,
            "manifest": null,
            "max_history": 0,
            "metadata": [
              {
                "app_version": "v0.90.1",
                "chart": "kube-prometheus-stack",
                "first_deployed": 1777471635,
                "last_deployed": 1777471635,
                "name": "kube-prometheus-stack",
                "namespace": "observability",
                "notes": "1. Get your 'admin' user password by running:\n\n   kubectl get secret --namespace observability kube-prometheus-stack-grafana -o jsonpath=\"{.data.admin-password}\" | base64 --decode ; echo\n\n\n2. The Grafana server can be accessed via port 80 on the following DNS name from within your cluster:\n\n   kube-prometheus-stack-grafana.observability.svc.cluster.local\n\n   If you bind grafana to 80, please update values in values.yaml and reinstall:\n   ```\n   securityContext:\n     runAsUser: 0\n     runAsGroup: 0\n     fsGroup: 0\n\n   command:\n   - \"setcap\"\n   - \"'cap_net_bind_service=+ep'\"\n   - \"/usr/sbin/grafana-server \u0026\u0026\"\n   - \"sh\"\n   - \"/run.sh\"\n   ```\n   Details refer to https://grafana.com/docs/installation/configuration/#http-port.\n   Or grafana would always crash.\n\n   From outside the cluster, the server URL(s) are:\n     http://grafana.127.0.0.1.nip.io\n\n3. Login with the password from step 1 and the username: admin\n#################################################################################\n######   WARNING: Persistence is disabled!!! You will lose your data when   #####\n######            the Grafana pod is terminated.                            #####\n#################################################################################\n\nkube-prometheus-stack has been installed. Check its status by running:\n  kubectl --namespace observability get pods -l \"release=kube-prometheus-stack\"\n\nGet Grafana 'admin' user password by running:\n\n  kubectl --namespace observability get secrets kube-prometheus-stack-grafana -o jsonpath=\"{.data.admin-password}\" | base64 -d ; echo\n\nAccess Grafana local instance:\n\n  export POD_NAME=$(kubectl --namespace observability get pod -l \"app.kubernetes.io/name=grafana,app.kubernetes.io/instance=kube-prometheus-stack\" -oname)\n  kubectl --namespace observability port-forward $POD_NAME 3000\n\nGet your grafana admin user password by running:\n\n  kubectl get secret --namespace observability -l app.kubernetes.io/component=admin-secret -o jsonpath=\"{.items[0].data.admin-password}\" | base64 --decode ; echo\n\n\nVisit https://github.com/prometheus-operator/kube-prometheus for instructions on how to create \u0026 configure Alertmanager and Prometheus instances using the Operator.\n",
                "revision": 1,
                "values": "{\"alertmanager\":{\"enabled\":false},\"grafana\":{\"additionalDataSources\":[{\"access\":\"proxy\",\"isDefault\":false,\"name\":\"Loki\",\"type\":\"loki\",\"url\":\"http://loki.observability.svc.cluster.local:3100\"},{\"access\":\"proxy\",\"isDefault\":false,\"name\":\"Tempo\",\"type\":\"tempo\",\"url\":\"http://tempo.observability.svc.cluster.local:3100\"}],\"adminPassword\":\"survivor-grafana-pw\",\"ingress\":{\"enabled\":true,\"hosts\":[\"grafana.127.0.0.1.nip.io\"],\"ingressClassName\":\"nginx\",\"path\":\"/\"},\"nodeSelector\":{\"tier\":\"tools\"}},\"kubeStateMetrics\":{\"enabled\":false},\"nodeExporter\":{\"enabled\":false},\"prometheus\":{\"ingress\":{\"enabled\":true,\"hosts\":[\"prometheus.127.0.0.1.nip.io\"],\"ingressClassName\":\"nginx\",\"paths\":[\"/\"]},\"prometheusSpec\":{\"nodeSelector\":{\"tier\":\"tools\"},\"storageSpec\":{}}},\"prometheusOperator\":{\"enabled\":false}}",
                "version": "84.3.0"
              }
            ],
            "name": "kube-prometheus-stack",
            "namespace": "observability",
            "pass_credentials": false,
            "postrender": [],
            "recreate_pods": false,
            "render_subchart_notes": true,
            "replace": false,
            "repository": "https://prometheus-community.github.io/helm-charts",
            "repository_ca_file": null,
            "repository_cert_file": null,
            "repository_key_file": null,
            "repository_password": null,
            "repository_username": null,
            "reset_values": false,
            "reuse_values": false,
            "set": [],
            "set_list": [],
            "set_sensitive": [],
            "skip_crds": false,
            "status": "deployed",
            "timeout": 600,
            "upgrade_install": null,
            "values": [
              "\"alertmanager\":\n  \"enabled\": false\n\"grafana\":\n  \"additionalDataSources\":\n  - \"access\": \"proxy\"\n    \"isDefault\": false\n    \"name\": \"Loki\"\n    \"type\": \"loki\"\n    \"url\": \"http://loki.observability.svc.cluster.local:3100\"\n  - \"access\": \"proxy\"\n    \"isDefault\": false\n    \"name\": \"Tempo\"\n    \"type\": \"tempo\"\n    \"url\": \"http://tempo.observability.svc.cluster.local:3100\"\n  \"adminPassword\": \"survivor-grafana-pw\"\n  \"ingress\":\n    \"enabled\": true\n    \"hosts\":\n    - \"grafana.127.0.0.1.nip.io\"\n    \"ingressClassName\": \"nginx\"\n    \"path\": \"/\"\n  \"nodeSelector\":\n    \"tier\": \"tools\"\n\"kubeStateMetrics\":\n  \"enabled\": false\n\"nodeExporter\":\n  \"enabled\": false\n\"prometheus\":\n  \"ingress\":\n    \"enabled\": true\n    \"hosts\":\n    - \"prometheus.127.0.0.1.nip.io\"\n    \"ingressClassName\": \"nginx\"\n    \"paths\":\n    - \"/\"\n  \"prometheusSpec\":\n    \"nodeSelector\":\n      \"tier\": \"tools\"\n    \"storageSpec\": {}\n\"prometheusOperator\":\n  \"enabled\": false\n"
            ],
            "verify": false,
            "version": "84.3.0",
            "wait": true,
            "wait_for_jobs": false
          },
          "sensitive_attributes": [],
          "private": "eyJzY2hlbWFfdmVyc2lvbiI6IjEifQ==",
          "dependencies": [
            "helm_release.ingress_nginx",
            "kind_cluster.survivor_net",
            "kubernetes_namespace.namespaces"
          ]
        }
      ]
    },
    {
      "mode": "managed",
      "type": "helm_release",
      "name": "loki",
      "provider": "provider[\"registry.terraform.io/hashicorp/helm\"]",
      "instances": [
        {
          "schema_version": 1,
          "attributes": {
            "atomic": false,
            "chart": "loki",
            "cleanup_on_fail": false,
            "create_namespace": false,
            "dependency_update": false,
            "description": null,
            "devel": null,
            "disable_crd_hooks": false,
            "disable_openapi_validation": false,
            "disable_webhooks": false,
            "force_update": false,
            "id": "loki",
            "keyring": null,
            "lint": false,
            "manifest": null,
            "max_history": 0,
            "metadata": [
              {
                "app_version": "3.6.7",
                "chart": "loki",
                "first_deployed": 1777471513,
                "last_deployed": 1777471513,
                "name": "loki",
                "namespace": "observability",
                "notes": "***********************************************************************\n Welcome to Grafana Loki\n Chart version: 7.0.0\n Chart Name: loki\n Loki version: 3.6.7\n***********************************************************************\n\n** Please be patient while the chart is being deployed **\n\nTip:\n\n  Watch the deployment status using the command: kubectl get pods -w --namespace observability\n\nIf pods are taking too long to schedule make sure pod affinity can be fulfilled in the current cluster.\n\n***********************************************************************\nInstalled components:\n***********************************************************************\n* loki\n\nLoki has been deployed as a single binary.\nThis means a single pod is handling reads and writes. You can scale that pod vertically by adding more CPU and memory resources.\n\n\n***********************************************************************\nSending logs to Loki\n***********************************************************************\n\nYou can send logs from inside the cluster using the cluster DNS:\n\nhttp://loki.observability.svc.cluster.local:3100/loki/api/v1/push\n\nYou can test to send data from outside the cluster by port-forwarding the gateway to your local machine:\n\n  kubectl port-forward --namespace observability svc/loki 3100:3100 \u0026\n\nAnd then using http://127.0.0.1:3100/loki/api/v1/push URL as shown below:\n\n```\ncurl -H \"Content-Type: application/json\" -XPOST -s \"http://127.0.0.1:3100/loki/api/v1/push\"  \\\n--data-raw \"{\\\"streams\\\": [{\\\"stream\\\": {\\\"job\\\": \\\"test\\\"}, \\\"values\\\": [[\\\"$(date +%s)000000000\\\", \\\"fizzbuzz\\\"]]}]}\"\n```\n\nThen verify that Loki did receive the data using the following command:\n\n```\ncurl \"http://127.0.0.1:3100/loki/api/v1/query_range\" --data-urlencode 'query={job=\"test\"}' | jq .data.result\n```\n\n***********************************************************************\nConnecting Grafana to Loki\n***********************************************************************\n\nIf Grafana operates within the cluster, you'll set up a new Loki datasource by utilizing the following URL:\n\nhttp://loki.observability.svc.cluster.local:3100/\n",
                "revision": 1,
                "values": "{\"backend\":{\"replicas\":0},\"chunksCache\":{\"enabled\":false},\"deploymentMode\":\"SingleBinary\",\"gateway\":{\"enabled\":false},\"loki\":{\"auth_enabled\":false,\"commonConfig\":{\"replication_factor\":1},\"schemaConfig\":{\"configs\":[{\"from\":\"2024-01-01\",\"index\":{\"period\":\"24h\",\"prefix\":\"loki_index_\"},\"object_store\":\"filesystem\",\"schema\":\"v13\",\"store\":\"tsdb\"}]},\"storage\":{\"type\":\"filesystem\"}},\"lokiCanary\":{\"enabled\":false},\"read\":{\"replicas\":0},\"resultsCache\":{\"enabled\":false},\"singleBinary\":{\"nodeSelector\":{\"tier\":\"tools\"},\"replicas\":1},\"test\":{\"enabled\":false},\"write\":{\"replicas\":0}}",
                "version": "7.0.0"
              }
            ],
            "name": "loki",
            "namespace": "observability",
            "pass_credentials": false,
            "postrender": [],
            "recreate_pods": false,
            "render_subchart_notes": true,
            "replace": false,
            "repository": "https://grafana.github.io/helm-charts",
            "repository_ca_file": null,
            "repository_cert_file": null,
            "repository_key_file": null,
            "repository_password": null,
            "repository_username": null,
            "reset_values": false,
            "reuse_values": false,
            "set": [],
            "set_list": [],
            "set_sensitive": [],
            "skip_crds": false,
            "status": "deployed",
            "timeout": 300,
            "upgrade_install": null,
            "values": [
              "\"backend\":\n  \"replicas\": 0\n\"chunksCache\":\n  \"enabled\": false\n\"deploymentMode\": \"SingleBinary\"\n\"gateway\":\n  \"enabled\": false\n\"loki\":\n  \"auth_enabled\": false\n  \"commonConfig\":\n    \"replication_factor\": 1\n  \"schemaConfig\":\n    \"configs\":\n    - \"from\": \"2024-01-01\"\n      \"index\":\n        \"period\": \"24h\"\n        \"prefix\": \"loki_index_\"\n      \"object_store\": \"filesystem\"\n      \"schema\": \"v13\"\n      \"store\": \"tsdb\"\n  \"storage\":\n    \"type\": \"filesystem\"\n\"lokiCanary\":\n  \"enabled\": false\n\"read\":\n  \"replicas\": 0\n\"resultsCache\":\n  \"enabled\": false\n\"singleBinary\":\n  \"nodeSelector\":\n    \"tier\": \"tools\"\n  \"replicas\": 1\n\"test\":\n  \"enabled\": false\n\"write\":\n  \"replicas\": 0\n"
            ],
            "verify": false,
            "version": "7.0.0",
            "wait": true,
            "wait_for_jobs": false
          },
          "sensitive_attributes": [],
          "private": "eyJzY2hlbWFfdmVyc2lvbiI6IjEifQ==",
          "dependencies": [
            "kind_cluster.survivor_net",
            "kubernetes_namespace.namespaces"
          ]
        }
      ]
    },
    {
      "mode": "managed",
      "type": "helm_release",
      "name": "minio",
      "provider": "provider[\"registry.terraform.io/hashicorp/helm\"]",
      "instances": [
        {
          "schema_version": 1,
          "attributes": {
            "atomic": false,
            "chart": "./minio",
            "cleanup_on_fail": false,
            "create_namespace": false,
            "dependency_update": false,
            "description": null,
            "devel": null,
            "disable_crd_hooks": false,
            "disable_openapi_validation": false,
            "disable_webhooks": false,
            "force_update": false,
            "id": "survivor-storage",
            "keyring": null,
            "lint": false,
            "manifest": null,
            "max_history": 0,
            "metadata": [
              {
                "app_version": "latest",
                "chart": "survivor-minio",
                "first_deployed": 1777471505,
                "last_deployed": 1777471505,
                "name": "survivor-storage",
                "namespace": "data",
                "notes": "",
                "revision": 1,
                "values": "{\"auth\":{\"rootPassword\":\"survivor-storage-pw\",\"rootUser\":\"survivor-admin\"},\"extraEnvVars\":[{\"name\":\"MINIO_BROWSER_REDIRECT_URL\",\"value\":\"http://minio.127.0.0.1.nip.io\"},{\"name\":\"MINIO_SERVER_URL\",\"value\":\"http://survivor-storage.data.svc.cluster.local:9000\"}],\"image\":\"minio/minio:latest\",\"nodeSelector\":{\"tier\":\"data\"}}",
                "version": "0.1.0"
              }
            ],
            "name": "survivor-storage",
            "namespace": "data",
            "pass_credentials": false,
            "postrender": [],
            "recreate_pods": false,
            "render_subchart_notes": true,
            "replace": false,
            "repository": null,
            "repository_ca_file": null,
            "repository_cert_file": null,
            "repository_key_file": null,
            "repository_password": null,
            "repository_username": null,
            "reset_values": false,
            "reuse_values": false,
            "set": [],
            "set_list": [],
            "set_sensitive": [],
            "skip_crds": false,
            "status": "deployed",
            "timeout": 300,
            "upgrade_install": null,
            "values": [
              "\"auth\":\n  \"rootPassword\": \"survivor-storage-pw\"\n  \"rootUser\": \"survivor-admin\"\n\"extraEnvVars\":\n- \"name\": \"MINIO_BROWSER_REDIRECT_URL\"\n  \"value\": \"http://minio.127.0.0.1.nip.io\"\n- \"name\": \"MINIO_SERVER_URL\"\n  \"value\": \"http://survivor-storage.data.svc.cluster.local:9000\"\n\"image\": \"minio/minio:latest\"\n\"nodeSelector\":\n  \"tier\": \"data\"\n"
            ],
            "verify": false,
            "version": "0.1.0",
            "wait": true,
            "wait_for_jobs": false
          },
          "sensitive_attributes": [],
          "private": "eyJzY2hlbWFfdmVyc2lvbiI6IjEifQ==",
          "dependencies": [
            "kind_cluster.survivor_net",
            "kubernetes_namespace.namespaces"
          ]
        }
      ]
    },
    {
      "mode": "managed",
      "type": "helm_release",
      "name": "postgresql",
      "provider": "provider[\"registry.terraform.io/hashicorp/helm\"]",
      "instances": [
        {
          "schema_version": 1,
          "attributes": {
            "atomic": false,
            "chart": "./postgresql-18.5.7.tgz",
            "cleanup_on_fail": false,
            "create_namespace": false,
            "dependency_update": false,
            "description": null,
            "devel": null,
            "disable_crd_hooks": false,
            "disable_openapi_validation": false,
            "disable_webhooks": false,
            "force_update": false,
            "id": "survivor-db",
            "keyring": null,
            "lint": false,
            "manifest": null,
            "max_history": 0,
            "metadata": [
              {
                "app_version": "18.3.0",
                "chart": "postgresql",
                "first_deployed": 1777471513,
                "last_deployed": 1777471513,
                "name": "survivor-db",
                "namespace": "data",
                "notes": "\nCHART NAME: postgresql\nCHART VERSION: 18.5.7\nAPP VERSION: 18.3.0\n\n⚠ WARNING: Since August 28th, 2025, only a limited subset of images/charts are available for free.\n    Subscribe to Bitnami Secure Images to receive continued support and security updates.\n    More info at https://bitnami.com and https://github.com/bitnami/containers/issues/83267\n\n** Please be patient while the chart is being deployed **\n\nPostgreSQL can be accessed via port 5432 on the following DNS names from within your cluster:\n\n    survivor-db-postgresql.data.svc.cluster.local - Read/Write connection\n\nTo get the password for \"postgres\" run:\n\n    export POSTGRES_ADMIN_PASSWORD=$(kubectl get secret --namespace data survivor-db-postgresql -o jsonpath=\"{.data.postgres-password}\" | base64 -d)\n\nTo get the password for \"survivor\" run:\n\n    export POSTGRES_PASSWORD=$(kubectl get secret --namespace data survivor-db-postgresql -o jsonpath=\"{.data.password}\" | base64 -d)\n\nTo connect to your database run the following command:\n\n    kubectl run survivor-db-postgresql-client --rm --tty -i --restart='Never' --namespace data --image registry-1.docker.io/bitnami/postgresql:latest --env=\"PGPASSWORD=$POSTGRES_PASSWORD\" \\\n      --command -- psql --host survivor-db-postgresql -U survivor -d survivor -p 5432\n\n    \u003e NOTE: If you access the container using bash, make sure that you execute \"/opt/bitnami/scripts/postgresql/entrypoint.sh /bin/bash\" in order to avoid the error \"psql: local user with ID 1001} does not exist\"\n\nTo connect to your database from outside the cluster execute the following commands:\n\n    kubectl port-forward --namespace data svc/survivor-db-postgresql 5432:5432 \u0026\n    PGPASSWORD=\"$POSTGRES_PASSWORD\" psql --host 127.0.0.1 -U survivor -d survivor -p 5432\n\nWARNING: The configured password will be ignored on new installation in case when previous PostgreSQL release was deleted through the helm command. In that case, old PVC will have an old password, and setting it through helm won't take effect. Deleting persistent volumes (PVs) will solve the issue.\nWARNING: Rolling tag detected (bitnami/postgresql:latest), please note that it is strongly recommended to avoid using rolling tags in a production environment.\n+info https://techdocs.broadcom.com/us/en/vmware-tanzu/bitnami-secure-images/bitnami-secure-images/services/bsi-doc/apps-tutorials-understand-rolling-tags-containers-index.html\nWARNING: Rolling tag detected (bitnami/os-shell:latest), please note that it is strongly recommended to avoid using rolling tags in a production environment.\n+info https://techdocs.broadcom.com/us/en/vmware-tanzu/bitnami-secure-images/bitnami-secure-images/services/bsi-doc/apps-tutorials-understand-rolling-tags-containers-index.html\n\nWARNING: There are \"resources\" sections in the chart not set. Using \"resourcesPreset\" is not recommended for production. For production installations, please set the following values according to your workload needs:\n  - primary.resources\n  - readReplicas.resources\n+info https://kubernetes.io/docs/concepts/configuration/manage-resources-containers/\n",
                "revision": 1,
                "values": "{\"auth\":{\"database\":\"survivor\",\"password\":\"survivor-pw\",\"postgresPassword\":\"survivor-db-pw\",\"username\":\"survivor\"},\"primary\":{\"nodeSelector\":{\"tier\":\"data\"},\"persistence\":{\"enabled\":false}}}",
                "version": "18.5.7"
              }
            ],
            "name": "survivor-db",
            "namespace": "data",
            "pass_credentials": false,
            "postrender": [],
            "recreate_pods": false,
            "render_subchart_notes": true,
            "replace": false,
            "repository": null,
            "repository_ca_file": null,
            "repository_cert_file": null,
            "repository_key_file": null,
            "repository_password": null,
            "repository_username": null,
            "reset_values": false,
            "reuse_values": false,
            "set": [],
            "set_list": [],
            "set_sensitive": [],
            "skip_crds": false,
            "status": "deployed",
            "timeout": 300,
            "upgrade_install": null,
            "values": [
              "\"auth\":\n  \"database\": \"survivor\"\n  \"password\": \"survivor-pw\"\n  \"postgresPassword\": \"survivor-db-pw\"\n  \"username\": \"survivor\"\n\"primary\":\n  \"nodeSelector\":\n    \"tier\": \"data\"\n  \"persistence\":\n    \"enabled\": false\n"
            ],
            "verify": false,
            "version": "18.5.7",
            "wait": true,
            "wait_for_jobs": false
          },
          "sensitive_attributes": [],
          "private": "eyJzY2hlbWFfdmVyc2lvbiI6IjEifQ==",
          "dependencies": [
            "kind_cluster.survivor_net",
            "kubernetes_namespace.namespaces"
          ]
        }
      ]
    },
    {
      "mode": "managed",
      "type": "helm_release",
      "name": "promtail",
      "provider": "provider[\"registry.terraform.io/hashicorp/helm\"]",
      "instances": [
        {
          "schema_version": 1,
          "attributes": {
            "atomic": false,
            "chart": "promtail",
            "cleanup_on_fail": false,
            "create_namespace": false,
            "dependency_update": false,
            "description": null,
            "devel": null,
            "disable_crd_hooks": false,
            "disable_openapi_validation": false,
            "disable_webhooks": false,
            "force_update": false,
            "id": "promtail",
            "keyring": null,
            "lint": false,
            "manifest": null,
            "max_history": 0,
            "metadata": [
              {
                "app_version": "3.5.1",
                "chart": "promtail",
                "first_deployed": 1777471637,
                "last_deployed": 1777471637,
                "name": "promtail",
                "namespace": "observability",
                "notes": "***********************************************************************\n Welcome to Grafana Promtail\n Chart version: 6.17.1\n Promtail version: 3.5.1\n***********************************************************************\n\nVerify the application is working by running these commands:\n* kubectl --namespace observability port-forward daemonset/promtail 3101\n* curl http://127.0.0.1:3101/metrics\n",
                "revision": 1,
                "values": "{\"config\":{\"clients\":[{\"url\":\"http://loki.observability.svc.cluster.local:3100/loki/api/v1/push\"}]},\"nodeSelector\":{\"tier\":\"tools\"}}",
                "version": "6.17.1"
              }
            ],
            "name": "promtail",
            "namespace": "observability",
            "pass_credentials": false,
            "postrender": [],
            "recreate_pods": false,
            "render_subchart_notes": true,
            "replace": false,
            "repository": "https://grafana.github.io/helm-charts",
            "repository_ca_file": null,
            "repository_cert_file": null,
            "repository_key_file": null,
            "repository_password": null,
            "repository_username": null,
            "reset_values": false,
            "reuse_values": false,
            "set": [],
            "set_list": [],
            "set_sensitive": [],
            "skip_crds": false,
            "status": "deployed",
            "timeout": 300,
            "upgrade_install": null,
            "values": [
              "\"config\":\n  \"clients\":\n  - \"url\": \"http://loki.observability.svc.cluster.local:3100/loki/api/v1/push\"\n\"nodeSelector\":\n  \"tier\": \"tools\"\n"
            ],
            "verify": false,
            "version": "6.17.1",
            "wait": true,
            "wait_for_jobs": false
          },
          "sensitive_attributes": [],
          "private": "eyJzY2hlbWFfdmVyc2lvbiI6IjEifQ==",
          "dependencies": [
            "helm_release.loki",
            "kind_cluster.survivor_net",
            "kubernetes_namespace.namespaces"
          ]
        }
      ]
    },
    {
      "mode": "managed",
      "type": "helm_release",
      "name": "tempo",
      "provider": "provider[\"registry.terraform.io/hashicorp/helm\"]",
      "instances": [
        {
          "schema_version": 1,
          "attributes": {
            "atomic": false,
            "chart": "tempo",
            "cleanup_on_fail": false,
            "create_namespace": false,
            "dependency_update": false,
            "description": null,
            "devel": null,
            "disable_crd_hooks": false,
            "disable_openapi_validation": false,
            "disable_webhooks": false,
            "force_update": false,
            "id": "tempo",
            "keyring": null,
            "lint": false,
            "manifest": null,
            "max_history": 0,
            "metadata": [
              {
                "app_version": "2.9.0",
                "chart": "tempo",
                "first_deployed": 1777471518,
                "last_deployed": 1777471518,
                "name": "tempo",
                "namespace": "observability",
                "notes": "",
                "revision": 1,
                "values": "{\"nodeSelector\":{\"tier\":\"tools\"},\"tempo\":{\"storage\":{\"trace\":{\"backend\":\"local\",\"local\":{\"path\":\"/var/tempo/traces\"}}}}}",
                "version": "1.24.4"
              }
            ],
            "name": "tempo",
            "namespace": "observability",
            "pass_credentials": false,
            "postrender": [],
            "recreate_pods": false,
            "render_subchart_notes": true,
            "replace": false,
            "repository": "https://grafana.github.io/helm-charts",
            "repository_ca_file": null,
            "repository_cert_file": null,
            "repository_key_file": null,
            "repository_password": null,
            "repository_username": null,
            "reset_values": false,
            "reuse_values": false,
            "set": [],
            "set_list": [],
            "set_sensitive": [],
            "skip_crds": false,
            "status": "deployed",
            "timeout": 300,
            "upgrade_install": null,
            "values": [
              "\"nodeSelector\":\n  \"tier\": \"tools\"\n\"tempo\":\n  \"storage\":\n    \"trace\":\n      \"backend\": \"local\"\n      \"local\":\n        \"path\": \"/var/tempo/traces\"\n"
            ],
            "verify": false,
            "version": "1.24.4",
            "wait": true,
            "wait_for_jobs": false
          },
          "sensitive_attributes": [],
          "private": "eyJzY2hlbWFfdmVyc2lvbiI6IjEifQ==",
          "dependencies": [
            "kind_cluster.survivor_net",
            "kubernetes_namespace.namespaces"
          ]
        }
      ]
    },
    {
      "mode": "managed",
      "type": "kind_cluster",
      "name": "survivor_net",
      "provider": "provider[\"registry.terraform.io/tehcyx/kind\"]",
      "instances": [
        {
          "schema_version": 0,
          "attributes": {
            "client_certificate": "-----BEGIN CERTIFICATE-----\nMIIDKTCCAhGgAwIBAgIIDMBQhLYIlXgwDQYJKoZIhvcNAQELBQAwFTETMBEGA1UE\nAxMKa3ViZXJuZXRlczAeFw0yNjA0MjkxMzU5MTFaFw0yNzA0MjkxNDA0MTFaMDwx\nHzAdBgNVBAoTFmt1YmVhZG06Y2x1c3Rlci1hZG1pbnMxGTAXBgNVBAMTEGt1YmVy\nbmV0ZXMtYWRtaW4wggEiMA0GCSqGSIb3DQEBAQUAA4IBDwAwggEKAoIBAQDLgFiT\naeXfeYCktFUl/A5YgxfM2PCRDRwQ+NveQEfWcSJYbrS2du90WYZLcHJXQQsh+A58\nAZ5z6uadk9S+ikBWq/XdZDPdNRn8AbeP+j4jiBs0Hr77rd+uUaohT0KZKhDqgNmR\n7wCqSjHg6SRWQtXv1z1jWDNUNP9Bcqezbxi2aphI4OXYkxvm5rMPRkRb8XSdkEoH\nLIsHcim3Y64YGlZa70DljvTBvdA6RA2oAtpSAgYLQozVWajwojUI0wzgY/LiZzrR\nTVZWkrO3oFFLMyz+GPSvbMzEFpmyDX24ptRhhx6fwRdJrb+EFPxRzsc8ZqhE5eyG\ngEkkiLsmBTUSri69AgMBAAGjVjBUMA4GA1UdDwEB/wQEAwIFoDATBgNVHSUEDDAK\nBggrBgEFBQcDAjAMBgNVHRMBAf8EAjAAMB8GA1UdIwQYMBaAFBhFVj+7DrLaJTN9\nkXhCWwAuH7J6MA0GCSqGSIb3DQEBCwUAA4IBAQBexfD55ttR84PafOELie0KwDBW\nPL527sFmgye4BN624J5sUIso1+o0ezganysye5fXCgLRqOt6BflCrz6JnvsPJPs8\nTcZhBkpnsRJHm2i416caKh7W84lEmjEYKzQCo8Ko4LL0WxpHG1wpdzjXnynl84rf\nMS3/yr78SQCRupUAXuV6vQbDQMUuP0ZmRsOinx4fDtJXwQL5BOAXzqQdMTcr7VJf\ncCdyU3sE0IPRo+4V587TA4Rzd4pRuClX8s91sMAQyM+mWtnbtnsLTL5/sd3DBfeB\nukFSGEg/AvAA44nOLASzGS09GwlWfaW+sCAMJ12E7jwUND7aYcGiZu5S/uzq\n-----END CERTIFICATE-----\n",
            "client_key": "-----BEGIN RSA PRIVATE KEY-----\nMIIEowIBAAKCAQEAy4BYk2nl33mApLRVJfwOWIMXzNjwkQ0cEPjb3kBH1nEiWG60\ntnbvdFmGS3ByV0ELIfgOfAGec+rmnZPUvopAVqv13WQz3TUZ/AG3j/o+I4gbNB6+\n+63frlGqIU9CmSoQ6oDZke8Aqkox4OkkVkLV79c9Y1gzVDT/QXKns28YtmqYSODl\n2JMb5uazD0ZEW/F0nZBKByyLB3Ipt2OuGBpWWu9A5Y70wb3QOkQNqALaUgIGC0KM\n1Vmo8KI1CNMM4GPy4mc60U1WVpKzt6BRSzMs/hj0r2zMxBaZsg19uKbUYYcen8EX\nSa2/hBT8Uc7HPGaoROXshoBJJIi7JgU1Eq4uvQIDAQABAoIBAAzbvj0KSvEU71D4\n6AxvYcSr+9wAtSqlJmnYH6RqcV+WZHIsBJUm7LhwU7D+mOr0fCyYTOn+/DEc3ZeF\nWML1X11anj1v8GsAyPSIcz3QtQ5vsjBX5P9oHCMam+Jg7Lda1hjLLXQwIt2ftIke\nkiI1NOljs0hMsWmXs61B/mCzG1+jPcQzoaUHK8IuBw3jGE4mmu/war9uSI0KMpKh\nigiQ7y4MN8HeB7+kKoCHvFyijUVIpPF/TNsoMvDPBHVBT2w+/yHG9L9ZkLCLCNaZ\nphvDpt1sWHXVBP1A5Cv5Fv2St+nKF0bXALoOO8L23auxwX1MKZ16hDsL7KWrh+H0\nc/TwXO0CgYEA6UgjyGJdccO8SbopKVICaKhKhPl8aX4ja+K/V+dc3jkSHlvAOAE8\nB5rmNz0k4qOzxd4lsUp14j3LXRWDQEG/rq4Kx+R7MPu5RMo5Yg63hrjBUL5pxbU4\n4NFpUYxbn3Q/ncmJvCZg60ftSX5n8CSWOqDQnEmI851Ea9jjXrglBqcCgYEA31HC\n37lL7uwYt1sKDYvyz/VP/VHf25jXFJNp/6J+DosevSWb8cCynP7tRL6jvPYVu3//\n1370djUZKSqIMyVilt95yAiPITTI51Cn/O9Ybz7mZFEdEK9sEbjvqHQlxmvzLPNB\nNlnUGrLP73/LKf3PIqyrD7lm4LZNLYRhFeGYL/sCgYBD07zLs4X14PJrAVycbgLT\nSTM5jIyW450K7keyGEwRNMjG2Oh/oCRDFc+f+gAygWRwwJF3Be5WlJ7/dpTN5xAD\niwkJa65B5L7OeHnMv/iujCNxBZwdZv6dp2WW11eAej1Q9Fs+wG3nmucsOjugQBMK\nAt4EwwC1zGErdklNrf7d+wKBgQDdiYie1H1FmaWzT3cblTfdoWgmzzAZ8vd7C/pd\nhN80okJuNX8MRrNqF2NdjRl1/VH13bb6GpF9KpO5SN4wjufM8AkprYP/1xNulY7w\n1qeORIHeBrGkucGlmyb0n7RRsQleEDsjJd3KVpT87HOpRoZTyaMxSCWMyoypmOeP\nA2ssPQKBgAhEMMQiXRouZd3dgf1OFB9Hm0PSoaPzVPel6JgJB2F/RQC7tOs/5vte\nyd5XMTVyU5yB3LguQuYAPR4i7qOHtEgo4D2NbUsVyGti5e+YLOMujfvbP55+VAyj\nzcftFnkvkkv4V7GAdg5a6nHsiSGugL/Z1eACGLArRc1X6NbNfaLV\n-----END RSA PRIVATE KEY-----\n",
            "cluster_ca_certificate": "-----BEGIN CERTIFICATE-----\nMIIDBTCCAe2gAwIBAgIIJMiZRCYAuuEwDQYJKoZIhvcNAQELBQAwFTETMBEGA1UE\nAxMKa3ViZXJuZXRlczAeFw0yNjA0MjkxMzU5MTFaFw0zNjA0MjYxNDA0MTFaMBUx\nEzARBgNVBAMTCmt1YmVybmV0ZXMwggEiMA0GCSqGSIb3DQEBAQUAA4IBDwAwggEK\nAoIBAQDBx9uopOKT3Q86sov2zZbKyIgZ30z6uFFgHPSuBOMoLy2qzhO4R8APu0fd\ng3j0SwokIhiYD3JDYTlG8AgrWD8rVCfM8Z64ylhRSXSiBKmndu4bZTbIjkxm4LBD\n//zOg+jIN2FYZrwSKfs5BlwwxTfYlhXszDP+r6vVdO+wphxPPhzyXOOWeliJng+k\nwuex0IMUV83wf8QDq4YHd3lp/kqZ/cMyw77mDvyyMsfXGgYsqjAQVOm1RCZofsWd\n3yg15rtncyIC92mWB6QgRzkRwG43kBkPpgfsCYhUz5Z99Ktvrut//6i04/s9Sk2F\nZBPV7CLlgillablLCAmsedvqbgLRAgMBAAGjWTBXMA4GA1UdDwEB/wQEAwICpDAP\nBgNVHRMBAf8EBTADAQH/MB0GA1UdDgQWBBQYRVY/uw6y2iUzfZF4QlsALh+yejAV\nBgNVHREEDjAMggprdWJlcm5ldGVzMA0GCSqGSIb3DQEBCwUAA4IBAQCEdBznvXrq\nKu5LpZDJLCvYMCx/+ghcjmwrilWT2GTTTgY2WqPpYY/+vvhX5pxFPK5B888tY1fz\nCqg7un3lJFiixTWTq9bFZXjFxURHAB45E7KToemY25hQQFhcYmiTrcDoMMvQUZsl\nPW5Bb2El/0qQTXLta5lFjfNXe+lrKbq2JQN9Vs7/GZ9v10UGg2STHbHz5OTr6xYO\nn1cZsuPjKEuq3r7XGn+EczxSKp1hnpcrDG/AmDgnvqAGGLgEB5J6zWCcS3huQWb9\nan+rP90NdA8qFHxCI4WajH7tDri0HsuTLWHXJZuvRGzzypxHef7HwRkLMpo7mxNq\n1biyzbC5FRSR\n-----END CERTIFICATE-----\n",
            "completed": true,
            "endpoint": "https://127.0.0.1:50995",
            "id": "survivor-net-",
            "kind_config": [
              {
                "api_version": "kind.x-k8s.io/v1alpha4",
                "containerd_config_patches": null,
                "feature_gates": null,
                "kind": "Cluster",
                "networking": [],
                "node": [
                  {
                    "extra_mounts": [],
                    "extra_port_mappings": [],
                    "image": "kindest/node:v1.31.0",
                    "kubeadm_config_patches": null,
                    "labels": null,
                    "role": "control-plane"
                  },
                  {
                    "extra_mounts": [],
                    "extra_port_mappings": [],
                    "image": "kindest/node:v1.31.0",
                    "kubeadm_config_patches": [
                      "kind: JoinConfiguration\nnodeRegistration:\n  kubeletExtraArgs:\n    node-labels: \"tier=data\"\n"
                    ],
                    "labels": null,
                    "role": "worker"
                  },
                  {
                    "extra_mounts": [],
                    "extra_port_mappings": [],
                    "image": "kindest/node:v1.31.0",
                    "kubeadm_config_patches": [
                      "kind: JoinConfiguration\nnodeRegistration:\n  kubeletExtraArgs:\n    node-labels: \"tier=compute\"\n"
                    ],
                    "labels": null,
                    "role": "worker"
                  },
                  {
                    "extra_mounts": [],
                    "extra_port_mappings": [
                      {
                        "container_port": 80,
                        "host_port": 80,
                        "listen_address": "",
                        "protocol": ""
                      },
                      {
                        "container_port": 443,
                        "host_port": 443,
                        "listen_address": "",
                        "protocol": ""
                      }
                    ],
                    "image": "kindest/node:v1.31.0",
                    "kubeadm_config_patches": [
                      "kind: JoinConfiguration\nnodeRegistration:\n  kubeletExtraArgs:\n    node-labels: \"ingress-ready=true,tier=tools\"\n"
                    ],
                    "labels": null,
                    "role": "worker"
                  }
                ],
                "runtime_config": null
              }
            ],
            "kubeconfig": "apiVersion: v1\nclusters:\n- cluster:\n    certificate-authority-data: LS0tLS1CRUdJTiBDRVJUSUZJQ0FURS0tLS0tCk1JSURCVENDQWUyZ0F3SUJBZ0lJSk1pWlJDWUF1dUV3RFFZSktvWklodmNOQVFFTEJRQXdGVEVUTUJFR0ExVUUKQXhNS2EzVmlaWEp1WlhSbGN6QWVGdzB5TmpBME1qa3hNelU1TVRGYUZ3MHpOakEwTWpZeE5EQTBNVEZhTUJVeApFekFSQmdOVkJBTVRDbXQxWW1WeWJtVjBaWE13Z2dFaU1BMEdDU3FHU0liM0RRRUJBUVVBQTRJQkR3QXdnZ0VLCkFvSUJBUURCeDl1b3BPS1QzUTg2c292MnpaYkt5SWdaMzB6NnVGRmdIUFN1Qk9Nb0x5MnF6aE80UjhBUHUwZmQKZzNqMFN3b2tJaGlZRDNKRFlUbEc4QWdyV0Q4clZDZk04WjY0eWxoUlNYU2lCS21uZHU0YlpUYklqa3htNExCRAovL3pPZytqSU4yRllacndTS2ZzNUJsd3d4VGZZbGhYc3pEUCtyNnZWZE8rd3BoeFBQaHp5WE9PV2VsaUpuZytrCnd1ZXgwSU1VVjgzd2Y4UURxNFlIZDNscC9rcVovY015dzc3bUR2eXlNc2ZYR2dZc3FqQVFWT20xUkNab2ZzV2QKM3lnMTVydG5jeUlDOTJtV0I2UWdSemtSd0c0M2tCa1BwZ2ZzQ1loVXo1Wjk5S3R2cnV0Ly82aTA0L3M5U2syRgpaQlBWN0NMbGdpbGxhYmxMQ0Ftc2VkdnFiZ0xSQWdNQkFBR2pXVEJYTUE0R0ExVWREd0VCL3dRRUF3SUNwREFQCkJnTlZIUk1CQWY4RUJUQURBUUgvTUIwR0ExVWREZ1FXQkJRWVJWWS91dzZ5MmlVemZaRjRRbHNBTGgreWVqQVYKQmdOVkhSRUVEakFNZ2dwcmRXSmxjbTVsZEdWek1BMEdDU3FHU0liM0RRRUJDd1VBQTRJQkFRQ0VkQnpudlhycQpLdTVMcFpESkxDdllNQ3gvK2doY2ptd3JpbFdUMkdUVFRnWTJXcVBwWVkvK3Z2aFg1cHhGUEs1Qjg4OHRZMWZ6CkNxZzd1bjNsSkZpaXhUV1RxOWJGWlhqRnhVUkhBQjQ1RTdLVG9lbVkyNWhRUUZoY1ltaVRyY0RvTU12UVVac2wKUFc1QmIyRWwvMHFRVFhMdGE1bEZqZk5YZStsckticTJKUU45VnM3L0daOXYxMFVHZzJTVEhiSHo1T1RyNnhZTwpuMWNac3VQaktFdXEzcjdYR24rRWN6eFNLcDFobnBjckRHL0FtRGdudnFBR0dMZ0VCNUo2eldDY1MzaHVRV2I5CmFuK3JQOTBOZEE4cUZIeENJNFdhakg3dERyaTBIc3VUTFdIWEpadXZSR3p6eXB4SGVmN0h3UmtMTXBvN214TnEKMWJpeXpiQzVGUlNSCi0tLS0tRU5EIENFUlRJRklDQVRFLS0tLS0K\n    server: https://127.0.0.1:50995\n  name: kind-survivor-net\ncontexts:\n- context:\n    cluster: kind-survivor-net\n    user: kind-survivor-net\n  name: kind-survivor-net\ncurrent-context: kind-survivor-net\nkind: Config\npreferences: {}\nusers:\n- name: kind-survivor-net\n  user:\n    client-certificate-data: LS0tLS1CRUdJTiBDRVJUSUZJQ0FURS0tLS0tCk1JSURLVENDQWhHZ0F3SUJBZ0lJRE1CUWhMWUlsWGd3RFFZSktvWklodmNOQVFFTEJRQXdGVEVUTUJFR0ExVUUKQXhNS2EzVmlaWEp1WlhSbGN6QWVGdzB5TmpBME1qa3hNelU1TVRGYUZ3MHlOekEwTWpreE5EQTBNVEZhTUR3eApIekFkQmdOVkJBb1RGbXQxWW1WaFpHMDZZMngxYzNSbGNpMWhaRzFwYm5NeEdUQVhCZ05WQkFNVEVHdDFZbVZ5CmJtVjBaWE10WVdSdGFXNHdnZ0VpTUEwR0NTcUdTSWIzRFFFQkFRVUFBNElCRHdBd2dnRUtBb0lCQVFETGdGaVQKYWVYZmVZQ2t0RlVsL0E1WWd4Zk0yUENSRFJ3UStOdmVRRWZXY1NKWWJyUzJkdTkwV1laTGNISlhRUXNoK0E1OApBWjV6NnVhZGs5Uytpa0JXcS9YZFpEUGROUm44QWJlUCtqNGppQnMwSHI3N3JkK3VVYW9oVDBLWktoRHFnTm1SCjd3Q3FTakhnNlNSV1F0WHYxejFqV0ROVU5QOUJjcWV6YnhpMmFwaEk0T1hZa3h2bTVyTVBSa1JiOFhTZGtFb0gKTElzSGNpbTNZNjRZR2xaYTcwRGxqdlRCdmRBNlJBMm9BdHBTQWdZTFFvelZXYWp3b2pVSTB3emdZL0xpWnpyUgpUVlpXa3JPM29GRkxNeXorR1BTdmJNekVGcG15RFgyNHB0UmhoeDZmd1JkSnJiK0VGUHhSenNjOFpxaEU1ZXlHCmdFa2tpTHNtQlRVU3JpNjlBZ01CQUFHalZqQlVNQTRHQTFVZER3RUIvd1FFQXdJRm9EQVRCZ05WSFNVRUREQUsKQmdnckJnRUZCUWNEQWpBTUJnTlZIUk1CQWY4RUFqQUFNQjhHQTFVZEl3UVlNQmFBRkJoRlZqKzdEckxhSlROOQprWGhDV3dBdUg3SjZNQTBHQ1NxR1NJYjNEUUVCQ3dVQUE0SUJBUUJleGZENTV0dFI4NFBhZk9FTGllMEt3REJXClBMNTI3c0ZtZ3llNEJONjI0SjVzVUlzbzErbzBlemdhbnlzeWU1ZlhDZ0xScU90NkJmbENyejZKbnZzUEpQczgKVGNaaEJrcG5zUkpIbTJpNDE2Y2FLaDdXODRsRW1qRVlLelFDbzhLbzRMTDBXeHBIRzF3cGR6alhueW5sODRyZgpNUzMveXI3OFNRQ1J1cFVBWHVWNnZRYkRRTVV1UDBabVJzT2lueDRmRHRKWHdRTDVCT0FYenFRZE1UY3I3VkpmCmNDZHlVM3NFMElQUm8rNFY1ODdUQTRSemQ0cFJ1Q2xYOHM5MXNNQVF5TSttV3RuYnRuc0xUTDUvc2QzREJmZUIKdWtGU0dFZy9BdkFBNDRuT0xBU3pHUzA5R3dsV2ZhVytzQ0FNSjEyRTdqd1VORDdhWWNHaVp1NVMvdXpxCi0tLS0tRU5EIENFUlRJRklDQVRFLS0tLS0K\n    client-key-data: LS0tLS1CRUdJTiBSU0EgUFJJVkFURSBLRVktLS0tLQpNSUlFb3dJQkFBS0NBUUVBeTRCWWsybmwzM21BcExSVkpmd09XSU1Yek5qd2tRMGNFUGpiM2tCSDFuRWlXRzYwCnRuYnZkRm1HUzNCeVYwRUxJZmdPZkFHZWMrcm1uWlBVdm9wQVZxdjEzV1F6M1RVWi9BRzNqL28rSTRnYk5CNisKKzYzZnJsR3FJVTlDbVNvUTZvRFprZThBcWtveDRPa2tWa0xWNzljOVkxZ3pWRFQvUVhLbnMyOFl0bXFZU09EbAoySk1iNXVhekQwWkVXL0YwblpCS0J5eUxCM0lwdDJPdUdCcFdXdTlBNVk3MHdiM1FPa1FOcUFMYVVnSUdDMEtNCjFWbW84S0kxQ05NTTRHUHk0bWM2MFUxV1ZwS3p0NkJSU3pNcy9oajByMnpNeEJhWnNnMTl1S2JVWVljZW44RVgKU2EyL2hCVDhVYzdIUEdhb1JPWHNob0JKSklpN0pnVTFFcTR1dlFJREFRQUJBb0lCQUF6YnZqMEtTdkVVNzFENAo2QXh2WWNTcis5d0F0U3FsSm1uWUg2UnFjVitXWkhJc0JKVW03TGh3VTdEK21PcjBmQ3lZVE9uKy9ERWMzWmVGCldNTDFYMTFhbmoxdjhHc0F5UFNJY3ozUXRRNXZzakJYNVA5b0hDTWFtK0pnN0xkYTFoakxMWFF3SXQyZnRJa2UKa2lJMU5PbGpzMGhNc1dtWHM2MUIvbUN6RzEralBjUXpvYVVISzhJdUJ3M2pHRTRtbXUvd2FyOXVTSTBLTXBLaAppZ2lRN3k0TU44SGVCNytrS29DSHZGeWlqVVZJcFBGL1ROc29NdkRQQkhWQlQydysveUhHOUw5WmtMQ0xDTmFaCnBodkRwdDFzV0hYVkJQMUE1Q3Y1RnYyU3QrbktGMGJYQUxvT084TDIzYXV4d1gxTUtaMTZoRHNMN0tXcmgrSDAKYy9Ud1hPMENnWUVBNlVnanlHSmRjY084U2JvcEtWSUNhS2hLaFBsOGFYNGphK0svVitkYzNqa1NIbHZBT0FFOApCNXJtTnowazRxT3p4ZDRsc1VwMTRqM0xYUldEUUVHL3JxNEt4K1I3TVB1NVJNbzVZZzYzaHJqQlVMNXB4YlU0CjRORnBVWXhibjNRL25jbUp2Q1pnNjBmdFNYNW44Q1NXT3FEUW5FbUk4NTFFYTlqalhyZ2xCcWNDZ1lFQTMxSEMKMzdsTDd1d1l0MXNLRFl2eXovVlAvVkhmMjVqWEZKTnAvNkorRG9zZXZTV2I4Y0N5blA3dFJMNmp2UFlWdTMvLwoxMzcwZGpVWktTcUlNeVZpbHQ5NXlBaVBJVFRJNTFDbi9POVliejdtWkZFZEVLOXNFYmp2cUhRbHhtdnpMUE5CCk5sblVHckxQNzMvTEtmM1BJcXlyRDdsbTRMWk5MWVJoRmVHWUwvc0NnWUJEMDd6THM0WDE0UEpyQVZ5Y2JnTFQKU1RNNWpJeVc0NTBLN2tleUdFd1JOTWpHMk9oL29DUkRGYytmK2dBeWdXUnd3SkYzQmU1V2xKNy9kcFRONXhBRAppd2tKYTY1QjVMN09lSG5Ndi9pdWpDTnhCWndkWnY2ZHAyV1cxMWVBZWoxUTlGcyt3RzNubXVjc09qdWdRQk1LCkF0NEV3d0MxekdFcmRrbE5yZjdkK3dLQmdRRGRpWWllMUgxRm1hV3pUM2NibFRmZG9XZ216ekFaOHZkN0MvcGQKaE44MG9rSnVOWDhNUnJOcUYyTmRqUmwxL1ZIMTNiYjZHcEY5S3BPNVNONHdqdWZNOEFrcHJZUC8xeE51bFk3dwoxcWVPUklIZUJyR2t1Y0dsbXliMG43UlJzUWxlRURzakpkM0tWcFQ4N0hPcFJvWlR5YU14U0NXTXlveXBtT2VQCkEyc3NQUUtCZ0FoRU1NUWlYUm91WmQzZGdmMU9GQjlIbTBQU29hUHpWUGVsNkpnSkIyRi9SUUM3dE9zLzV2dGUKeWQ1WE1UVnlVNXlCM0xndVF1WUFQUjRpN3FPSHRFZ280RDJOYlVzVnlHdGk1ZStZTE9NdWpmdmJQNTUrVkF5agp6Y2Z0Rm5rdmtrdjRWN0dBZGc1YTZuSHNpU0d1Z0wvWjFlQUNHTEFyUmMxWDZOYk5mYUxWCi0tLS0tRU5EIFJTQSBQUklWQVRFIEtFWS0tLS0tCg==\n",
            "kubeconfig_path": "/Users/F5371961/platform-engineering/loop/gontse/worktrees/rescue-net/survivor-network/survivor-infra/survivor-net-config",
            "name": "survivor-net",
            "node_image": null,
            "timeouts": null,
            "wait_for_ready": true
          },
          "sensitive_attributes": [],
          "private": "eyJlMmJmYjczMC1lY2FhLTExZTYtOGY4OC0zNDM2M2JjN2M0YzAiOnsiY3JlYXRlIjozMDAwMDAwMDAwMDAsImRlbGV0ZSI6MzAwMDAwMDAwMDAwLCJ1cGRhdGUiOjMwMDAwMDAwMDAwMH19"
        }
      ]
    },
    {
      "mode": "managed",
      "type": "kubernetes_ingress_v1",
      "name": "minio_ingress",
      "provider": "provider[\"registry.terraform.io/hashicorp/kubernetes\"]",
      "instances": [
        {
          "schema_version": 0,
          "attributes": {
            "id": "data/minio-ingress",
            "metadata": [
              {
                "annotations": {
                  "nginx.ingress.kubernetes.io/cors-allow-credentials": "true",
                  "nginx.ingress.kubernetes.io/cors-allow-methods": "PUT, GET, POST, OPTIONS, DELETE",
                  "nginx.ingress.kubernetes.io/cors-allow-origin": "http://minio.127.0.0.1.nip.io, http://minio-api.127.0.0.1.nip.io",
                  "nginx.ingress.kubernetes.io/enable-cors": "true",
                  "nginx.ingress.kubernetes.io/proxy-body-size": "1024m",
                  "nginx.ingress.kubernetes.io/proxy-http-version": "1.1",
                  "nginx.ingress.kubernetes.io/proxy-read-timeout": "600",
                  "nginx.ingress.kubernetes.io/proxy-send-timeout": "600",
                  "nginx.ingress.kubernetes.io/ssl-redirect": "false"
                },
                "generate_name": "",
                "generation": 1,
                "labels": null,
                "name": "minio-ingress",
                "namespace": "data",
                "resource_version": "1150",
                "uid": "8525977b-b751-45d5-98b0-f83ede431899"
              }
            ],
            "spec": [
              {
                "default_backend": [],
                "ingress_class_name": "nginx",
                "rule": [
                  {
                    "host": "minio.127.0.0.1.nip.io",
                    "http": [
                      {
                        "path": [
                          {
                            "backend": [
                              {
                                "resource": [],
                                "service": [
                                  {
                                    "name": "survivor-storage",
                                    "port": [
                                      {
                                        "name": "",
                                        "number": 9001
                                      }
                                    ]
                                  }
                                ]
                              }
                            ],
                            "path": "/",
                            "path_type": "Prefix"
                          }
                        ]
                      }
                    ]
                  },
                  {
                    "host": "minio-api.127.0.0.1.nip.io",
                    "http": [
                      {
                        "path": [
                          {
                            "backend": [
                              {
                                "resource": [],
                                "service": [
                                  {
                                    "name": "survivor-storage",
                                    "port": [
                                      {
                                        "name": "",
                                        "number": 9000
                                      }
                                    ]
                                  }
                                ]
                              }
                            ],
                            "path": "/",
                            "path_type": "Prefix"
                          }
                        ]
                      }
                    ]
                  }
                ],
                "tls": []
              }
            ],
            "status": [
              {
                "load_balancer": [
                  {
                    "ingress": []
                  }
                ]
              }
            ],
            "timeouts": null,
            "wait_for_load_balancer": null
          },
          "sensitive_attributes": [],
          "private": "eyJlMmJmYjczMC1lY2FhLTExZTYtOGY4OC0zNDM2M2JjN2M0YzAiOnsiY3JlYXRlIjoxMjAwMDAwMDAwMDAwLCJkZWxldGUiOjEyMDAwMDAwMDAwMDB9fQ==",
          "dependencies": [
            "helm_release.ingress_nginx",
            "helm_release.minio",
            "kind_cluster.survivor_net",
            "kubernetes_namespace.namespaces"
          ]
        }
      ]
    },
    {
      "mode": "managed",
      "type": "kubernetes_namespace",
      "name": "namespaces",
      "provider": "provider[\"registry.terraform.io/hashicorp/kubernetes\"]",
      "instances": [
        {
          "index_key": "argo",
          "schema_version": 0,
          "attributes": {
            "id": "argo",
            "metadata": [
              {
                "annotations": null,
                "generate_name": "",
                "generation": 0,
                "labels": {
                  "env": "prod-local",
                  "managed-by": "terraform"
                },
                "name": "argo",
                "resource_version": "616",
                "uid": "852d6eb6-0fc8-4935-b740-c13210eb4008"
              }
            ],
            "timeouts": null,
            "wait_for_default_service_account": false
          },
          "sensitive_attributes": [],
          "private": "eyJlMmJmYjczMC1lY2FhLTExZTYtOGY4OC0zNDM2M2JjN2M0YzAiOnsiZGVsZXRlIjozMDAwMDAwMDAwMDB9fQ==",
          "dependencies": [
            "kind_cluster.survivor_net"
          ]
        },
        {
          "index_key": "data",
          "schema_version": 0,
          "attributes": {
            "id": "data",
            "metadata": [
              {
                "annotations": null,
                "generate_name": "",
                "generation": 0,
                "labels": {
                  "env": "prod-local",
                  "managed-by": "terraform"
                },
                "name": "data",
                "resource_version": "614",
                "uid": "bb19f104-8c03-4fc5-acba-12f71e19eee6"
              }
            ],
            "timeouts": null,
            "wait_for_default_service_account": false
          },
          "sensitive_attributes": [],
          "private": "eyJlMmJmYjczMC1lY2FhLTExZTYtOGY4OC0zNDM2M2JjN2M0YzAiOnsiZGVsZXRlIjozMDAwMDAwMDAwMDB9fQ==",
          "dependencies": [
            "kind_cluster.survivor_net"
          ]
        },
        {
          "index_key": "observability",
          "schema_version": 0,
          "attributes": {
            "id": "observability",
            "metadata": [
              {
                "annotations": null,
                "generate_name": "",
                "generation": 0,
                "labels": {
                  "env": "prod-local",
                  "managed-by": "terraform"
                },
                "name": "observability",
                "resource_version": "615",
                "uid": "c10a9e16-279d-4f3d-9b8e-b2ab3b357447"
              }
            ],
            "timeouts": null,
            "wait_for_default_service_account": false
          },
          "sensitive_attributes": [],
          "private": "eyJlMmJmYjczMC1lY2FhLTExZTYtOGY4OC0zNDM2M2JjN2M0YzAiOnsiZGVsZXRlIjozMDAwMDAwMDAwMDB9fQ==",
          "dependencies": [
            "kind_cluster.survivor_net"
          ]
        },
        {
          "index_key": "survivor-apps",
          "schema_version": 0,
          "attributes": {
            "id": "survivor-apps",
            "metadata": [
              {
                "annotations": null,
                "generate_name": "",
                "generation": 0,
                "labels": {
                  "env": "prod-local",
                  "managed-by": "terraform"
                },
                "name": "survivor-apps",
                "resource_version": "613",
                "uid": "c0722f86-0bbd-4de9-b3bc-71c2d165a82b"
              }
            ],
            "timeouts": null,
            "wait_for_default_service_account": false
          },
          "sensitive_attributes": [],
          "private": "eyJlMmJmYjczMC1lY2FhLTExZTYtOGY4OC0zNDM2M2JjN2M0YzAiOnsiZGVsZXRlIjozMDAwMDAwMDAwMDB9fQ==",
          "dependencies": [
            "kind_cluster.survivor_net"
          ]
        }
      ]
    },
    {
      "mode": "managed",
      "type": "null_resource",
      "name": "apply_backend_manifests",
      "provider": "provider[\"registry.terraform.io/hashicorp/null\"]",
      "instances": [
        {
          "schema_version": 0,
          "attributes": {
            "id": "2543748792181401043",
            "triggers": {
              "deployment_sha": "9f564517ecd8171ed880d5404d14f6ddc45aa145218f193ecd6a2141e64e7edb",
              "image_tag": "latest",
              "ingress_sha": "f1bdd3489ac3ef7921e1406ff3f7966837d21f668f7b710446b2d29f3bbe6413"
            }
          },
          "sensitive_attributes": [],
          "dependencies": [
            "helm_release.ingress_nginx",
            "helm_release.minio",
            "helm_release.postgresql",
            "kind_cluster.survivor_net",
            "kubernetes_namespace.namespaces",
            "null_resource.build_backend_image",
            "null_resource.load_backend_image"
          ]
        }
      ]
    },
    {
      "mode": "managed",
      "type": "null_resource",
      "name": "build_backend_image",
      "provider": "provider[\"registry.terraform.io/hashicorp/null\"]",
      "instances": [
        {
          "schema_version": 0,
          "attributes": {
            "id": "1863700486992122028",
            "triggers": {
              "dockerfile_sha": "d2196299b656d21010c0f65f0862393b220b5cf81774f533776c89f21a7dccc8",
              "image_tag": "latest"
            }
          },
          "sensitive_attributes": [],
          "dependencies": [
            "kind_cluster.survivor_net"
          ]
        }
      ]
    },
    {
      "mode": "managed",
      "type": "null_resource",
      "name": "load_backend_image",
      "provider": "provider[\"registry.terraform.io/hashicorp/null\"]",
      "instances": [
        {
          "schema_version": 0,
          "attributes": {
            "id": "2437915735586853631",
            "triggers": {
              "image_tag": "latest"
            }
          },
          "sensitive_attributes": [],
          "dependencies": [
            "kind_cluster.survivor_net",
            "null_resource.build_backend_image"
          ]
        }
      ]
    },
    {
      "mode": "managed",
      "type": "null_resource",
      "name": "restart_backend",
      "provider": "provider[\"registry.terraform.io/hashicorp/null\"]",
      "instances": [
        {
          "schema_version": 0,
          "attributes": {
            "id": "2915327882065004054",
            "triggers": {
              "image_tag": "latest"
            }
          },
          "sensitive_attributes": [],
          "dependencies": [
            "helm_release.ingress_nginx",
            "helm_release.minio",
            "helm_release.postgresql",
            "kind_cluster.survivor_net",
            "kubernetes_namespace.namespaces",
            "null_resource.apply_backend_manifests",
            "null_resource.build_backend_image",
            "null_resource.load_backend_image"
          ]
        }
      ]
    },
    {
      "mode": "managed",
      "type": "null_resource",
      "name": "rollout_backend",
      "provider": "provider[\"registry.terraform.io/hashicorp/null\"]",
      "instances": [
        {
          "schema_version": 0,
          "attributes": {
            "id": "962427916785356722",
            "triggers": {
              "image_tag": "latest"
            }
          },
          "sensitive_attributes": [],
          "dependencies": [
            "helm_release.ingress_nginx",
            "helm_release.minio",
            "helm_release.postgresql",
            "kind_cluster.survivor_net",
            "kubernetes_namespace.namespaces",
            "null_resource.apply_backend_manifests",
            "null_resource.build_backend_image",
            "null_resource.load_backend_image",
            "null_resource.restart_backend"
          ]
        }
      ]
    }
  ],
  "check_results": null
}
