{
  "version": 4,
  "terraform_version": "1.5.7",
  "serial": 187,
  "lineage": "a467849a-663b-4e30-ba3d-f050157212b2",
  "outputs": {},
  "resources": [
    {
      "mode": "managed",
      "type": "helm_release",
      "name": "ingress_nginx",
      "provider": "provider[\"registry.terraform.io/hashicorp/helm\"]",
      "instances": [
        {
          "schema_version": 1,
          "attributes": {
            "atomic": false,
            "chart": "ingress-nginx",
            "cleanup_on_fail": false,
            "create_namespace": false,
            "dependency_update": false,
            "description": null,
            "devel": null,
            "disable_crd_hooks": false,
            "disable_openapi_validation": false,
            "disable_webhooks": false,
            "force_update": false,
            "id": "ingress-nginx",
            "keyring": null,
            "lint": false,
            "manifest": null,
            "max_history": 0,
            "metadata": [
              {
                "app_version": "1.15.1",
                "chart": "ingress-nginx",
                "first_deployed": 1775935304,
                "last_deployed": 1775935304,
                "name": "ingress-nginx",
                "namespace": "kube-system",
                "notes": "The ingress-nginx controller has been installed.\nGet the application URL by running these commands:\n  export HTTP_NODE_PORT=$(kubectl get service --namespace kube-system ingress-nginx-controller --output jsonpath=\"{.spec.ports[0].nodePort}\")\n  export HTTPS_NODE_PORT=$(kubectl get service --namespace kube-system ingress-nginx-controller --output jsonpath=\"{.spec.ports[1].nodePort}\")\n  export NODE_IP=\"$(kubectl get nodes --output jsonpath=\"{.items[0].status.addresses[1].address}\")\"\n\n  echo \"Visit http://${NODE_IP}:${HTTP_NODE_PORT} to access your application via HTTP.\"\n  echo \"Visit https://${NODE_IP}:${HTTPS_NODE_PORT} to access your application via HTTPS.\"\n\nAn example Ingress that makes use of the controller:\n  apiVersion: networking.k8s.io/v1\n  kind: Ingress\n  metadata:\n    name: example\n    namespace: foo\n  spec:\n    ingressClassName: nginx\n    rules:\n      - host: www.example.com\n        http:\n          paths:\n            - pathType: Prefix\n              backend:\n                service:\n                  name: exampleService\n                  port:\n                    number: 80\n              path: /\n    # This section is only required if TLS is to be enabled for the Ingress\n    tls:\n      - hosts:\n        - www.example.com\n        secretName: example-tls\n\nIf TLS is enabled for the Ingress, a Secret containing the certificate and key must also be provided:\n\n  apiVersion: v1\n  kind: Secret\n  metadata:\n    name: example-tls\n    namespace: foo\n  data:\n    tls.crt: \u003cbase64 encoded cert\u003e\n    tls.key: \u003cbase64 encoded key\u003e\n  type: kubernetes.io/tls\n",
                "revision": 1,
                "values": "{\"controller\":{\"hostPort\":{\"enabled\":true},\"nodeSelector\":{\"ingress-ready\":\"true\"},\"service\":{\"type\":\"NodePort\"},\"watchIngressWithoutClass\":true}}",
                "version": "4.15.1"
              }
            ],
            "name": "ingress-nginx",
            "namespace": "kube-system",
            "pass_credentials": false,
            "postrender": [],
            "recreate_pods": false,
            "render_subchart_notes": true,
            "replace": false,
            "repository": "https://kubernetes.github.io/ingress-nginx",
            "repository_ca_file": null,
            "repository_cert_file": null,
            "repository_key_file": null,
            "repository_password": null,
            "repository_username": null,
            "reset_values": false,
            "reuse_values": false,
            "set": [
              {
                "name": "controller.hostPort.enabled",
                "type": "",
                "value": "true"
              },
              {
                "name": "controller.nodeSelector.ingress-ready",
                "type": "string",
                "value": "true"
              },
              {
                "name": "controller.service.type",
                "type": "",
                "value": "NodePort"
              },
              {
                "name": "controller.watchIngressWithoutClass",
                "type": "",
                "value": "true"
              }
            ],
            "set_list": [],
            "set_sensitive": [],
            "skip_crds": false,
            "status": "deployed",
            "timeout": 300,
            "upgrade_install": null,
            "values": null,
            "verify": false,
            "version": "4.15.1",
            "wait": true,
            "wait_for_jobs": false
          },
          "sensitive_attributes": [],
          "private": "eyJzY2hlbWFfdmVyc2lvbiI6IjEifQ==",
          "dependencies": [
            "kind_cluster.survivor_net"
          ]
        }
      ]
    },
    {
      "mode": "managed",
      "type": "helm_release",
      "name": "kube_prometheus_stack",
      "provider": "provider[\"registry.terraform.io/hashicorp/helm\"]",
      "instances": [
        {
          "schema_version": 1,
          "attributes": {
            "atomic": false,
            "chart": "kube-prometheus-stack",
            "cleanup_on_fail": false,
            "create_namespace": false,
            "dependency_update": false,
            "description": null,
            "devel": null,
            "disable_crd_hooks": false,
            "disable_openapi_validation": false,
            "disable_webhooks": false,
            "force_update": false,
            "id": "kube-prometheus-stack",
            "keyring": null,
            "lint": false,
            "manifest": null,
            "max_history": 0,
            "metadata": [
              {
                "app_version": "v0.90.1",
                "chart": "kube-prometheus-stack",
                "first_deployed": 1775935431,
                "last_deployed": 1775935431,
                "name": "kube-prometheus-stack",
                "namespace": "observability",
                "notes": "kube-prometheus-stack has been installed. Check its status by running:\n  kubectl --namespace observability get pods -l \"release=kube-prometheus-stack\"\n\nGet Grafana 'admin' user password by running:\n\n  kubectl --namespace observability get secrets kube-prometheus-stack-grafana -o jsonpath=\"{.data.admin-password}\" | base64 -d ; echo\n\nAccess Grafana local instance:\n\n  export POD_NAME=$(kubectl --namespace observability get pod -l \"app.kubernetes.io/name=grafana,app.kubernetes.io/instance=kube-prometheus-stack\" -oname)\n  kubectl --namespace observability port-forward $POD_NAME 3000\n\nGet your grafana admin user password by running:\n\n  kubectl get secret --namespace observability -l app.kubernetes.io/component=admin-secret -o jsonpath=\"{.items[0].data.admin-password}\" | base64 --decode ; echo\n\n\nVisit https://github.com/prometheus-operator/kube-prometheus for instructions on how to create \u0026 configure Alertmanager and Prometheus instances using the Operator.\n\n1. Get your 'admin' user password by running:\n\n   kubectl get secret --namespace observability kube-prometheus-stack-grafana -o jsonpath=\"{.data.admin-password}\" | base64 --decode ; echo\n\n\n2. The Grafana server can be accessed via port 80 on the following DNS name from within your cluster:\n\n   kube-prometheus-stack-grafana.observability.svc.cluster.local\n\n   If you bind grafana to 80, please update values in values.yaml and reinstall:\n   ```\n   securityContext:\n     runAsUser: 0\n     runAsGroup: 0\n     fsGroup: 0\n\n   command:\n   - \"setcap\"\n   - \"'cap_net_bind_service=+ep'\"\n   - \"/usr/sbin/grafana-server \u0026\u0026\"\n   - \"sh\"\n   - \"/run.sh\"\n   ```\n   Details refer to https://grafana.com/docs/installation/configuration/#http-port.\n   Or grafana would always crash.\n\n   From outside the cluster, the server URL(s) are:\n     http://grafana.127.0.0.1.nip.io\n\n3. Login with the password from step 1 and the username: admin\n#################################################################################\n######   WARNING: Persistence is disabled!!! You will lose your data when   #####\n######            the Grafana pod is terminated.                            #####\n#################################################################################\n",
                "revision": 1,
                "values": "{\"alertmanager\":{\"enabled\":false},\"grafana\":{\"additionalDataSources\":[{\"access\":\"proxy\",\"isDefault\":false,\"name\":\"Loki\",\"type\":\"loki\",\"url\":\"http://loki.observability.svc.cluster.local:3100\"},{\"access\":\"proxy\",\"isDefault\":false,\"name\":\"Tempo\",\"type\":\"tempo\",\"url\":\"http://tempo.observability.svc.cluster.local:3100\"}],\"adminPassword\":\"survivor-grafana-pw\",\"ingress\":{\"enabled\":true,\"hosts\":[\"grafana.127.0.0.1.nip.io\"],\"ingressClassName\":\"nginx\",\"path\":\"/\"},\"nodeSelector\":{\"tier\":\"tools\"}},\"kubeStateMetrics\":{\"enabled\":false},\"nodeExporter\":{\"enabled\":false},\"prometheus\":{\"ingress\":{\"enabled\":true,\"hosts\":[\"prometheus.127.0.0.1.nip.io\"],\"ingressClassName\":\"nginx\",\"paths\":[\"/\"]},\"prometheusSpec\":{\"nodeSelector\":{\"tier\":\"tools\"},\"storageSpec\":{}}},\"prometheusOperator\":{\"enabled\":false}}",
                "version": "83.4.0"
              }
            ],
            "name": "kube-prometheus-stack",
            "namespace": "observability",
            "pass_credentials": false,
            "postrender": [],
            "recreate_pods": false,
            "render_subchart_notes": true,
            "replace": false,
            "repository": "https://prometheus-community.github.io/helm-charts",
            "repository_ca_file": null,
            "repository_cert_file": null,
            "repository_key_file": null,
            "repository_password": null,
            "repository_username": null,
            "reset_values": false,
            "reuse_values": false,
            "set": [],
            "set_list": [],
            "set_sensitive": [],
            "skip_crds": false,
            "status": "deployed",
            "timeout": 600,
            "upgrade_install": null,
            "values": [
              "\"alertmanager\":\n  \"enabled\": false\n\"grafana\":\n  \"additionalDataSources\":\n  - \"access\": \"proxy\"\n    \"isDefault\": false\n    \"name\": \"Loki\"\n    \"type\": \"loki\"\n    \"url\": \"http://loki.observability.svc.cluster.local:3100\"\n  - \"access\": \"proxy\"\n    \"isDefault\": false\n    \"name\": \"Tempo\"\n    \"type\": \"tempo\"\n    \"url\": \"http://tempo.observability.svc.cluster.local:3100\"\n  \"adminPassword\": \"survivor-grafana-pw\"\n  \"ingress\":\n    \"enabled\": true\n    \"hosts\":\n    - \"grafana.127.0.0.1.nip.io\"\n    \"ingressClassName\": \"nginx\"\n    \"path\": \"/\"\n  \"nodeSelector\":\n    \"tier\": \"tools\"\n\"kubeStateMetrics\":\n  \"enabled\": false\n\"nodeExporter\":\n  \"enabled\": false\n\"prometheus\":\n  \"ingress\":\n    \"enabled\": true\n    \"hosts\":\n    - \"prometheus.127.0.0.1.nip.io\"\n    \"ingressClassName\": \"nginx\"\n    \"paths\":\n    - \"/\"\n  \"prometheusSpec\":\n    \"nodeSelector\":\n      \"tier\": \"tools\"\n    \"storageSpec\": {}\n\"prometheusOperator\":\n  \"enabled\": false\n"
            ],
            "verify": false,
            "version": "83.4.0",
            "wait": true,
            "wait_for_jobs": false
          },
          "sensitive_attributes": [],
          "private": "eyJzY2hlbWFfdmVyc2lvbiI6IjEifQ==",
          "dependencies": [
            "helm_release.ingress_nginx",
            "kind_cluster.survivor_net",
            "kubernetes_namespace.namespaces"
          ]
        }
      ]
    },
    {
      "mode": "managed",
      "type": "helm_release",
      "name": "loki",
      "provider": "provider[\"registry.terraform.io/hashicorp/helm\"]",
      "instances": [
        {
          "schema_version": 1,
          "attributes": {
            "atomic": false,
            "chart": "loki",
            "cleanup_on_fail": false,
            "create_namespace": false,
            "dependency_update": false,
            "description": null,
            "devel": null,
            "disable_crd_hooks": false,
            "disable_openapi_validation": false,
            "disable_webhooks": false,
            "force_update": false,
            "id": "loki",
            "keyring": null,
            "lint": false,
            "manifest": null,
            "max_history": 0,
            "metadata": [
              {
                "app_version": "3.6.7",
                "chart": "loki",
                "first_deployed": 1775935312,
                "last_deployed": 1775935312,
                "name": "loki",
                "namespace": "observability",
                "notes": "***********************************************************************\n Welcome to Grafana Loki\n Chart version: 6.55.0\n Chart Name: loki\n Loki version: 3.6.7\n***********************************************************************\n\n** Please be patient while the chart is being deployed **\n\nTip:\n\n  Watch the deployment status using the command: kubectl get pods -w --namespace observability\n\nIf pods are taking too long to schedule make sure pod affinity can be fulfilled in the current cluster.\n\n***********************************************************************\nInstalled components:\n***********************************************************************\n* loki\n\nLoki has been deployed as a single binary.\nThis means a single pod is handling reads and writes. You can scale that pod vertically by adding more CPU and memory resources.\n\n\n***********************************************************************\nSending logs to Loki\n***********************************************************************\n\nYou can send logs from inside the cluster using the cluster DNS:\n\nhttp://loki.observability.svc.cluster.local:3100/loki/api/v1/push\n\nYou can test to send data from outside the cluster by port-forwarding the gateway to your local machine:\n\n  kubectl port-forward --namespace observability svc/loki 3100:3100 \u0026\n\nAnd then using http://127.0.0.1:3100/loki/api/v1/push URL as shown below:\n\n```\ncurl -H \"Content-Type: application/json\" -XPOST -s \"http://127.0.0.1:3100/loki/api/v1/push\"  \\\n--data-raw \"{\\\"streams\\\": [{\\\"stream\\\": {\\\"job\\\": \\\"test\\\"}, \\\"values\\\": [[\\\"$(date +%s)000000000\\\", \\\"fizzbuzz\\\"]]}]}\"\n```\n\nThen verify that Loki did receive the data using the following command:\n\n```\ncurl \"http://127.0.0.1:3100/loki/api/v1/query_range\" --data-urlencode 'query={job=\"test\"}' | jq .data.result\n```\n\n***********************************************************************\nConnecting Grafana to Loki\n***********************************************************************\n\nIf Grafana operates within the cluster, you'll set up a new Loki datasource by utilizing the following URL:\n\nhttp://loki.observability.svc.cluster.local:3100/\n",
                "revision": 1,
                "values": "{\"backend\":{\"replicas\":0},\"chunksCache\":{\"enabled\":false},\"deploymentMode\":\"SingleBinary\",\"gateway\":{\"enabled\":false},\"loki\":{\"auth_enabled\":false,\"commonConfig\":{\"replication_factor\":1},\"schemaConfig\":{\"configs\":[{\"from\":\"2024-01-01\",\"index\":{\"period\":\"24h\",\"prefix\":\"loki_index_\"},\"object_store\":\"filesystem\",\"schema\":\"v13\",\"store\":\"tsdb\"}]},\"storage\":{\"type\":\"filesystem\"}},\"lokiCanary\":{\"enabled\":false},\"read\":{\"replicas\":0},\"resultsCache\":{\"enabled\":false},\"singleBinary\":{\"nodeSelector\":{\"tier\":\"tools\"},\"replicas\":1},\"test\":{\"enabled\":false},\"write\":{\"replicas\":0}}",
                "version": "6.55.0"
              }
            ],
            "name": "loki",
            "namespace": "observability",
            "pass_credentials": false,
            "postrender": [],
            "recreate_pods": false,
            "render_subchart_notes": true,
            "replace": false,
            "repository": "https://grafana.github.io/helm-charts",
            "repository_ca_file": null,
            "repository_cert_file": null,
            "repository_key_file": null,
            "repository_password": null,
            "repository_username": null,
            "reset_values": false,
            "reuse_values": false,
            "set": [],
            "set_list": [],
            "set_sensitive": [],
            "skip_crds": false,
            "status": "deployed",
            "timeout": 300,
            "upgrade_install": null,
            "values": [
              "\"backend\":\n  \"replicas\": 0\n\"chunksCache\":\n  \"enabled\": false\n\"deploymentMode\": \"SingleBinary\"\n\"gateway\":\n  \"enabled\": false\n\"loki\":\n  \"auth_enabled\": false\n  \"commonConfig\":\n    \"replication_factor\": 1\n  \"schemaConfig\":\n    \"configs\":\n    - \"from\": \"2024-01-01\"\n      \"index\":\n        \"period\": \"24h\"\n        \"prefix\": \"loki_index_\"\n      \"object_store\": \"filesystem\"\n      \"schema\": \"v13\"\n      \"store\": \"tsdb\"\n  \"storage\":\n    \"type\": \"filesystem\"\n\"lokiCanary\":\n  \"enabled\": false\n\"read\":\n  \"replicas\": 0\n\"resultsCache\":\n  \"enabled\": false\n\"singleBinary\":\n  \"nodeSelector\":\n    \"tier\": \"tools\"\n  \"replicas\": 1\n\"test\":\n  \"enabled\": false\n\"write\":\n  \"replicas\": 0\n"
            ],
            "verify": false,
            "version": "6.55.0",
            "wait": true,
            "wait_for_jobs": false
          },
          "sensitive_attributes": [],
          "private": "eyJzY2hlbWFfdmVyc2lvbiI6IjEifQ==",
          "dependencies": [
            "kind_cluster.survivor_net",
            "kubernetes_namespace.namespaces"
          ]
        }
      ]
    },
    {
      "mode": "managed",
      "type": "helm_release",
      "name": "minio",
      "provider": "provider[\"registry.terraform.io/hashicorp/helm\"]",
      "instances": [
        {
          "schema_version": 1,
          "attributes": {
            "atomic": false,
            "chart": "./minio",
            "cleanup_on_fail": false,
            "create_namespace": false,
            "dependency_update": false,
            "description": null,
            "devel": null,
            "disable_crd_hooks": false,
            "disable_openapi_validation": false,
            "disable_webhooks": false,
            "force_update": false,
            "id": "survivor-storage",
            "keyring": null,
            "lint": false,
            "manifest": null,
            "max_history": 0,
            "metadata": [
              {
                "app_version": "latest",
                "chart": "survivor-minio",
                "first_deployed": 1775935304,
                "last_deployed": 1775935304,
                "name": "survivor-storage",
                "namespace": "data",
                "notes": "",
                "revision": 1,
                "values": "{\"auth\":{\"rootPassword\":\"survivor-storage-pw\",\"rootUser\":\"survivor-admin\"},\"extraEnvVars\":[{\"name\":\"MINIO_BROWSER_REDIRECT_URL\",\"value\":\"http://minio.127.0.0.1.nip.io\"},{\"name\":\"MINIO_SERVER_URL\",\"value\":\"http://survivor-storage.data.svc.cluster.local:9000\"}],\"image\":\"minio/minio:latest\",\"nodeSelector\":{\"tier\":\"data\"}}",
                "version": "0.1.0"
              }
            ],
            "name": "survivor-storage",
            "namespace": "data",
            "pass_credentials": false,
            "postrender": [],
            "recreate_pods": false,
            "render_subchart_notes": true,
            "replace": false,
            "repository": null,
            "repository_ca_file": null,
            "repository_cert_file": null,
            "repository_key_file": null,
            "repository_password": null,
            "repository_username": null,
            "reset_values": false,
            "reuse_values": false,
            "set": [],
            "set_list": [],
            "set_sensitive": [],
            "skip_crds": false,
            "status": "deployed",
            "timeout": 300,
            "upgrade_install": null,
            "values": [
              "\"auth\":\n  \"rootPassword\": \"survivor-storage-pw\"\n  \"rootUser\": \"survivor-admin\"\n\"extraEnvVars\":\n- \"name\": \"MINIO_BROWSER_REDIRECT_URL\"\n  \"value\": \"http://minio.127.0.0.1.nip.io\"\n- \"name\": \"MINIO_SERVER_URL\"\n  \"value\": \"http://survivor-storage.data.svc.cluster.local:9000\"\n\"image\": \"minio/minio:latest\"\n\"nodeSelector\":\n  \"tier\": \"data\"\n"
            ],
            "verify": false,
            "version": "0.1.0",
            "wait": true,
            "wait_for_jobs": false
          },
          "sensitive_attributes": [],
          "private": "eyJzY2hlbWFfdmVyc2lvbiI6IjEifQ==",
          "dependencies": [
            "kind_cluster.survivor_net",
            "kubernetes_namespace.namespaces"
          ]
        }
      ]
    },
    {
      "mode": "managed",
      "type": "helm_release",
      "name": "postgresql",
      "provider": "provider[\"registry.terraform.io/hashicorp/helm\"]",
      "instances": [
        {
          "schema_version": 1,
          "attributes": {
            "atomic": false,
            "chart": "./postgresql-18.5.7.tgz",
            "cleanup_on_fail": false,
            "create_namespace": false,
            "dependency_update": false,
            "description": null,
            "devel": null,
            "disable_crd_hooks": false,
            "disable_openapi_validation": false,
            "disable_webhooks": false,
            "force_update": false,
            "id": "survivor-db",
            "keyring": null,
            "lint": false,
            "manifest": null,
            "max_history": 0,
            "metadata": [
              {
                "app_version": "18.3.0",
                "chart": "postgresql",
                "first_deployed": 1776170555,
                "last_deployed": 1776170555,
                "name": "survivor-db",
                "namespace": "data",
                "notes": "\nCHART NAME: postgresql\nCHART VERSION: 18.5.7\nAPP VERSION: 18.3.0\n\n⚠ WARNING: Since August 28th, 2025, only a limited subset of images/charts are available for free.\n    Subscribe to Bitnami Secure Images to receive continued support and security updates.\n    More info at https://bitnami.com and https://github.com/bitnami/containers/issues/83267\n\n** Please be patient while the chart is being deployed **\n\nPostgreSQL can be accessed via port 5432 on the following DNS names from within your cluster:\n\n    survivor-db-postgresql.data.svc.cluster.local - Read/Write connection\n\nTo get the password for \"postgres\" run:\n\n    export POSTGRES_ADMIN_PASSWORD=$(kubectl get secret --namespace data survivor-db-postgresql -o jsonpath=\"{.data.postgres-password}\" | base64 -d)\n\nTo get the password for \"survivor\" run:\n\n    export POSTGRES_PASSWORD=$(kubectl get secret --namespace data survivor-db-postgresql -o jsonpath=\"{.data.password}\" | base64 -d)\n\nTo connect to your database run the following command:\n\n    kubectl run survivor-db-postgresql-client --rm --tty -i --restart='Never' --namespace data --image registry-1.docker.io/bitnami/postgresql:latest --env=\"PGPASSWORD=$POSTGRES_PASSWORD\" \\\n      --command -- psql --host survivor-db-postgresql -U survivor -d survivor -p 5432\n\n    \u003e NOTE: If you access the container using bash, make sure that you execute \"/opt/bitnami/scripts/postgresql/entrypoint.sh /bin/bash\" in order to avoid the error \"psql: local user with ID 1001} does not exist\"\n\nTo connect to your database from outside the cluster execute the following commands:\n\n    kubectl port-forward --namespace data svc/survivor-db-postgresql 5432:5432 \u0026\n    PGPASSWORD=\"$POSTGRES_PASSWORD\" psql --host 127.0.0.1 -U survivor -d survivor -p 5432\n\nWARNING: The configured password will be ignored on new installation in case when previous PostgreSQL release was deleted through the helm command. In that case, old PVC will have an old password, and setting it through helm won't take effect. Deleting persistent volumes (PVs) will solve the issue.\nWARNING: Rolling tag detected (bitnami/postgresql:latest), please note that it is strongly recommended to avoid using rolling tags in a production environment.\n+info https://techdocs.broadcom.com/us/en/vmware-tanzu/bitnami-secure-images/bitnami-secure-images/services/bsi-doc/apps-tutorials-understand-rolling-tags-containers-index.html\nWARNING: Rolling tag detected (bitnami/os-shell:latest), please note that it is strongly recommended to avoid using rolling tags in a production environment.\n+info https://techdocs.broadcom.com/us/en/vmware-tanzu/bitnami-secure-images/bitnami-secure-images/services/bsi-doc/apps-tutorials-understand-rolling-tags-containers-index.html\n\nWARNING: There are \"resources\" sections in the chart not set. Using \"resourcesPreset\" is not recommended for production. For production installations, please set the following values according to your workload needs:\n  - primary.resources\n  - readReplicas.resources\n+info https://kubernetes.io/docs/concepts/configuration/manage-resources-containers/\n",
                "revision": 1,
                "values": "{\"auth\":{\"database\":\"survivor\",\"password\":\"survivor-pw\",\"postgresPassword\":\"survivor-db-pw\",\"username\":\"survivor\"},\"primary\":{\"persistence\":{\"enabled\":true,\"size\":\"5Gi\"}}}",
                "version": "18.5.7"
              }
            ],
            "name": "survivor-db",
            "namespace": "data",
            "pass_credentials": false,
            "postrender": [],
            "recreate_pods": false,
            "render_subchart_notes": true,
            "replace": false,
            "repository": null,
            "repository_ca_file": null,
            "repository_cert_file": null,
            "repository_key_file": null,
            "repository_password": null,
            "repository_username": null,
            "reset_values": false,
            "reuse_values": false,
            "set": [],
            "set_list": [],
            "set_sensitive": [],
            "skip_crds": false,
            "status": "deployed",
            "timeout": 300,
            "upgrade_install": null,
            "values": [
              "\"auth\":\n  \"database\": \"survivor\"\n  \"password\": \"survivor-pw\"\n  \"postgresPassword\": \"survivor-db-pw\"\n  \"username\": \"survivor\"\n\"primary\":\n  \"nodeSelector\":\n    \"tier\": \"data\"\n  \"persistence\":\n    \"enabled\": false\n"
            ],
            "verify": false,
            "version": "18.5.7",
            "wait": true,
            "wait_for_jobs": false
          },
          "sensitive_attributes": [],
          "private": "eyJzY2hlbWFfdmVyc2lvbiI6IjEifQ==",
          "dependencies": [
            "kind_cluster.survivor_net",
            "kubernetes_namespace.namespaces"
          ]
        }
      ]
    },
    {
      "mode": "managed",
      "type": "helm_release",
      "name": "promtail",
      "provider": "provider[\"registry.terraform.io/hashicorp/helm\"]",
      "instances": [
        {
          "schema_version": 1,
          "attributes": {
            "atomic": false,
            "chart": "promtail",
            "cleanup_on_fail": false,
            "create_namespace": false,
            "dependency_update": false,
            "description": null,
            "devel": null,
            "disable_crd_hooks": false,
            "disable_openapi_validation": false,
            "disable_webhooks": false,
            "force_update": false,
            "id": "promtail",
            "keyring": null,
            "lint": false,
            "manifest": null,
            "max_history": 0,
            "metadata": [
              {
                "app_version": "3.5.1",
                "chart": "promtail",
                "first_deployed": 1775935436,
                "last_deployed": 1775935436,
                "name": "promtail",
                "namespace": "observability",
                "notes": "***********************************************************************\n Welcome to Grafana Promtail\n Chart version: 6.17.1\n Promtail version: 3.5.1\n***********************************************************************\n\nVerify the application is working by running these commands:\n* kubectl --namespace observability port-forward daemonset/promtail 3101\n* curl http://127.0.0.1:3101/metrics\n",
                "revision": 1,
                "values": "{\"config\":{\"clients\":[{\"url\":\"http://loki.observability.svc.cluster.local:3100/loki/api/v1/push\"}]},\"nodeSelector\":{\"tier\":\"tools\"}}",
                "version": "6.17.1"
              }
            ],
            "name": "promtail",
            "namespace": "observability",
            "pass_credentials": false,
            "postrender": [],
            "recreate_pods": false,
            "render_subchart_notes": true,
            "replace": false,
            "repository": "https://grafana.github.io/helm-charts",
            "repository_ca_file": null,
            "repository_cert_file": null,
            "repository_key_file": null,
            "repository_password": null,
            "repository_username": null,
            "reset_values": false,
            "reuse_values": false,
            "set": [],
            "set_list": [],
            "set_sensitive": [],
            "skip_crds": false,
            "status": "deployed",
            "timeout": 300,
            "upgrade_install": null,
            "values": [
              "\"config\":\n  \"clients\":\n  - \"url\": \"http://loki.observability.svc.cluster.local:3100/loki/api/v1/push\"\n\"nodeSelector\":\n  \"tier\": \"tools\"\n"
            ],
            "verify": false,
            "version": "6.17.1",
            "wait": true,
            "wait_for_jobs": false
          },
          "sensitive_attributes": [],
          "private": "eyJzY2hlbWFfdmVyc2lvbiI6IjEifQ==",
          "dependencies": [
            "helm_release.loki",
            "kind_cluster.survivor_net",
            "kubernetes_namespace.namespaces"
          ]
        }
      ]
    },
    {
      "mode": "managed",
      "type": "helm_release",
      "name": "tempo",
      "provider": "provider[\"registry.terraform.io/hashicorp/helm\"]",
      "instances": [
        {
          "schema_version": 1,
          "attributes": {
            "atomic": false,
            "chart": "tempo",
            "cleanup_on_fail": false,
            "create_namespace": false,
            "dependency_update": false,
            "description": null,
            "devel": null,
            "disable_crd_hooks": false,
            "disable_openapi_validation": false,
            "disable_webhooks": false,
            "force_update": false,
            "id": "tempo",
            "keyring": null,
            "lint": false,
            "manifest": null,
            "max_history": 0,
            "metadata": [
              {
                "app_version": "2.9.0",
                "chart": "tempo",
                "first_deployed": 1775935308,
                "last_deployed": 1775935308,
                "name": "tempo",
                "namespace": "observability",
                "notes": "",
                "revision": 1,
                "values": "{\"nodeSelector\":{\"tier\":\"tools\"},\"tempo\":{\"storage\":{\"trace\":{\"backend\":\"local\",\"local\":{\"path\":\"/var/tempo/traces\"}}}}}",
                "version": "1.24.4"
              }
            ],
            "name": "tempo",
            "namespace": "observability",
            "pass_credentials": false,
            "postrender": [],
            "recreate_pods": false,
            "render_subchart_notes": true,
            "replace": false,
            "repository": "https://grafana.github.io/helm-charts",
            "repository_ca_file": null,
            "repository_cert_file": null,
            "repository_key_file": null,
            "repository_password": null,
            "repository_username": null,
            "reset_values": false,
            "reuse_values": false,
            "set": [],
            "set_list": [],
            "set_sensitive": [],
            "skip_crds": false,
            "status": "deployed",
            "timeout": 300,
            "upgrade_install": null,
            "values": [
              "\"nodeSelector\":\n  \"tier\": \"tools\"\n\"tempo\":\n  \"storage\":\n    \"trace\":\n      \"backend\": \"local\"\n      \"local\":\n        \"path\": \"/var/tempo/traces\"\n"
            ],
            "verify": false,
            "version": "1.24.4",
            "wait": true,
            "wait_for_jobs": false
          },
          "sensitive_attributes": [],
          "private": "eyJzY2hlbWFfdmVyc2lvbiI6IjEifQ==",
          "dependencies": [
            "kind_cluster.survivor_net",
            "kubernetes_namespace.namespaces"
          ]
        }
      ]
    },
    {
      "mode": "managed",
      "type": "kind_cluster",
      "name": "survivor_net",
      "provider": "provider[\"registry.terraform.io/tehcyx/kind\"]",
      "instances": [
        {
          "schema_version": 0,
          "attributes": {
            "client_certificate": "-----BEGIN CERTIFICATE-----\nMIIDKTCCAhGgAwIBAgIINAaC9E94oE0wDQYJKoZIhvcNAQELBQAwFTETMBEGA1UE\nAxMKa3ViZXJuZXRlczAeFw0yNjA0MTExOTExNDVaFw0yNzA0MTExOTE2NDVaMDwx\nHzAdBgNVBAoTFmt1YmVhZG06Y2x1c3Rlci1hZG1pbnMxGTAXBgNVBAMTEGt1YmVy\nbmV0ZXMtYWRtaW4wggEiMA0GCSqGSIb3DQEBAQUAA4IBDwAwggEKAoIBAQDAuzs5\nBPi53z/fFOJ9aLXlOzf7mHsqCuFQhnju2leB4iXQL/TrY1MulBjJb/39jk9zTcp7\nnredS3OvT0beTegQFbQ1d5ypXbHF/ZSeMtmmf0SnVjF4MBZ1TyYct5LF19xzZbMH\nA8jDUlsl8fJuoxiVmhgKlT+G4GlJWX2fZKyg2XVAoRed8sMpksY22VjdZ/cZ1lnM\nD/os/k1RD72/0xaQaxmvG6mqojwsyHDn0tSrzOzn58z9b2cY5l4p/UUaN7K1G3kE\nW669lCFXNJwpdNQhZ+pwua+rgY3YvZaSW3HEG9qC/USiM3hwbqHGiM3SFXS2/2Ws\nc4SmOvnYL1j+rZObAgMBAAGjVjBUMA4GA1UdDwEB/wQEAwIFoDATBgNVHSUEDDAK\nBggrBgEFBQcDAjAMBgNVHRMBAf8EAjAAMB8GA1UdIwQYMBaAFJN5pejfTF8+n4nC\nj/lDWMkg21VEMA0GCSqGSIb3DQEBCwUAA4IBAQAOb0pIYuI64oKHRSfnURDbGzX8\n6ridjEJZaX3mL7qiTnOUb5a9R72z4Re4+o55KvytNU30C76zxfgRbdPX4KI6XIUJ\nihZEC6sVlOodpPsxtkVmshQBL0JbHKLojggPIsR0d3gp8rvfM4vSH2P4knVCNqVK\nPOaVq7fkBOUV6AP7FK3Bp1g22/GM0WhXzHwUZSnxReV1fm+4hOvtVJrhDOM8Z6Ok\nr3VfNchRigmdzcE7bp2ZqMVhYcC/4BUEsHkDVW8NdprPLsrdXSoZT8/SCge7EKF9\nd9I4qOKuJn3jWCU3fQ2uHU1iVAaMAW3w5feVvWRQJxLpzViCxhhHbB4IzA7p\n-----END CERTIFICATE-----\n",
            "client_key": "-----BEGIN RSA PRIVATE KEY-----\nMIIEpAIBAAKCAQEAwLs7OQT4ud8/3xTifWi15Ts3+5h7KgrhUIZ47tpXgeIl0C/0\n62NTLpQYyW/9/Y5Pc03Ke563nUtzr09G3k3oEBW0NXecqV2xxf2UnjLZpn9Ep1Yx\neDAWdU8mHLeSxdfcc2WzBwPIw1JbJfHybqMYlZoYCpU/huBpSVl9n2SsoNl1QKEX\nnfLDKZLGNtlY3Wf3GdZZzA/6LP5NUQ+9v9MWkGsZrxupqqI8LMhw59LUq8zs5+fM\n/W9nGOZeKf1FGjeytRt5BFuuvZQhVzScKXTUIWfqcLmvq4GN2L2WkltxxBvagv1E\nojN4cG6hxojN0hV0tv9lrHOEpjr52C9Y/q2TmwIDAQABAoIBAEjnCdHZtZPphKmH\npty1PQjGy7hZx0zx7KSfGSOQZ8Vzm8YSPdzEJ3TZBD8+I59Ds330EQGN2fqfzdSk\ncjQo1/0tmIsZAaN3E4XHE+57YaT/QyLhEblax0P8engmYFiB/JuR/pRKtCheAKhr\nyr5a5zO/pBRsvCjyviDGvyQJ2trEfu8B9iShenNAzft9rb4oBQTqERRGFvoz1Yh6\nmw9arVKE6x91+U2atCse1ai+3qR/I6c5mje0oQn9E8zCPqBdX/efMdz4NSc00gTc\nG7iEbD8aOXh9OTAsytadoK3uZZbI07A2U/9U2AM5KobweI16YYAf9H5n/aTUgStv\nvyw3LZECgYEA3/3IrnIOcNkmTZMNPWNF0LF5tOv4PKTFUih4NWsTTuFhEWGV32iP\npipNnKnEF76kYprWWtZ/UCaOHIUzmHURoUmkN/yrgvuzFGOK9R8QynbZFSE1JdmN\nAyD9kBQ5rErpdpmD+TuT3GHT+SPnBfxNEW6PYjKQ8J9JU5eg2wVilk8CgYEA3EXf\nRsxFJ5MUiV25N6EmeaGvTKPgMLFlstjzXNsaUWOMVsg7/L1VIkTz+XGVIvYP8L0U\nZ7Vlma1HPXkwFKuiRlLgTZCkBoEmvlPIYP+GirbSPYVQGjxM3crO9xGwovMBvxYg\nYQybXJvcoOjnzRotb2wHdY/wIFvueAJ2dz28JvUCgYEAycTXMGTnoznIqhpr07+I\nFTy5kIL7Ys1ePerclen1Q5n8EWchVVTgCWOT9CpszKLbe0NVEhCkMHP6kbBfUNcr\n4Wjvt8swSFYo85XTh4jLXEYAuGrocEbvIkFmh5HgfdYhRcd1vV2wjNXG12dC5P5o\nAerg2CkKrOYfbGBq8sCAFTsCgYEApWdibgtdsoXjWfMi7f74oUUkGWzFIEtVjqMS\nu5tbe9pAu7nIMdUKZJ1ahukfkA0tkxyogefYzzkq0aJ61Eq9pAj/nb8LLEc3DJxl\nT1EReoAmB0RgDhNRtQpht211MidAHHlE/xs0Xqo7VikORxltHMoGH+Vh7yqZO0y+\nIHQfITECgYBX2JvDI/HbVH43eIMQhrQ/zrICvBQiIG2rlyBkt11rQ1MUS7NlW6M5\nTJsSgUCHoe6MuaQlQrNsubeFqb0RF2Jf7rwPPuXmQOQU4TGTLatCgGMTPwl1e+4H\ncjVZag4Ez23/CWpAer7T69k0VLnMnH/p9oWyffgveb6ireJL2EWX/A==\n-----END RSA PRIVATE KEY-----\n",
            "cluster_ca_certificate": "-----BEGIN CERTIFICATE-----\nMIIDBTCCAe2gAwIBAgIIYRFowU/v+tIwDQYJKoZIhvcNAQELBQAwFTETMBEGA1UE\nAxMKa3ViZXJuZXRlczAeFw0yNjA0MTExOTExNDVaFw0zNjA0MDgxOTE2NDVaMBUx\nEzARBgNVBAMTCmt1YmVybmV0ZXMwggEiMA0GCSqGSIb3DQEBAQUAA4IBDwAwggEK\nAoIBAQDtF0zR4aK1bpNe0FACUo52uL7WpCWTA7zE9Nes7/Hos1qdeKaVo7T4Hstk\nYgXDXbNbR6/jekvrmpfqJBFi+xHY8A+PKy08S/cBtPl29i78qwpk9ke/S0lbJceX\nb/k7DA5v9+ep3fcsn75tT2eQGi+hKRdnJnmcTHeqkJop9vEXTVyybrzscqWIVLlE\nWHZoxE+UCUsqNyRpv6U50UNTaqShntt5b9PiG7LLlI5EN6hG1wZoYmzvZRBrfDGo\no2RHWm/wTh3uIAoiFuCqawj5bn6/LRXV808/PAavl9puz+mfK+c1QBSJTqJdxjai\n+xK6XApOzsd+M0+tlygei3ySuxFHAgMBAAGjWTBXMA4GA1UdDwEB/wQEAwICpDAP\nBgNVHRMBAf8EBTADAQH/MB0GA1UdDgQWBBSTeaXo30xfPp+Jwo/5Q1jJINtVRDAV\nBgNVHREEDjAMggprdWJlcm5ldGVzMA0GCSqGSIb3DQEBCwUAA4IBAQB3VTOPF5tP\nTjDsgX01HRrTjilB4FxWTR58wZBaXaYnDelQVI1cV3qCcnw2eiDa2RNpsuYNlcjw\n6Q4EyACl1MwuoJFqAKM6jaGlw3h6cSQ3Tt/uA2CNSggZ2Ou0oYOtzd+kddagH5tc\ni40xA1/hP+azcUz/2VtbBgiCMKtAAeu2bicnBgBYs+KUgzR5CY7vHsFs5/N+FcWg\n4IlzWGGiWDljf+qSsLLDHnivGHccWgXQBaX3KWx5vKBPRRMhZtUZgV+v1Of/POrO\nfRk3itXPvlqGTWxJKQkDx3riafO2a0sj3/e9osYHwzkTtNh6+83Q18diCQuyaOtQ\nQrazihSJcn/W\n-----END CERTIFICATE-----\n",
            "completed": true,
            "endpoint": "https://127.0.0.1:59082",
            "id": "survivor-net-",
            "kind_config": [
              {
                "api_version": "kind.x-k8s.io/v1alpha4",
                "containerd_config_patches": [],
                "feature_gates": {},
                "kind": "Cluster",
                "networking": [],
                "node": [
                  {
                    "extra_mounts": [],
                    "extra_port_mappings": [],
                    "image": "kindest/node:v1.31.0",
                    "kubeadm_config_patches": [],
                    "labels": {},
                    "role": "control-plane"
                  },
                  {
                    "extra_mounts": [],
                    "extra_port_mappings": [],
                    "image": "kindest/node:v1.31.0",
                    "kubeadm_config_patches": [
                      "kind: JoinConfiguration\nnodeRegistration:\n  kubeletExtraArgs:\n    node-labels: \"tier=data\"\n"
                    ],
                    "labels": {},
                    "role": "worker"
                  },
                  {
                    "extra_mounts": [],
                    "extra_port_mappings": [],
                    "image": "kindest/node:v1.31.0",
                    "kubeadm_config_patches": [
                      "kind: JoinConfiguration\nnodeRegistration:\n  kubeletExtraArgs:\n    node-labels: \"tier=compute\"\n"
                    ],
                    "labels": {},
                    "role": "worker"
                  },
                  {
                    "extra_mounts": [],
                    "extra_port_mappings": [
                      {
                        "container_port": 80,
                        "host_port": 80,
                        "listen_address": "",
                        "protocol": ""
                      },
                      {
                        "container_port": 443,
                        "host_port": 443,
                        "listen_address": "",
                        "protocol": ""
                      }
                    ],
                    "image": "kindest/node:v1.31.0",
                    "kubeadm_config_patches": [
                      "kind: JoinConfiguration\nnodeRegistration:\n  kubeletExtraArgs:\n    node-labels: \"ingress-ready=true,tier=tools\"\n"
                    ],
                    "labels": {},
                    "role": "worker"
                  }
                ],
                "runtime_config": {}
              }
            ],
            "kubeconfig": "apiVersion: v1\nclusters:\n- cluster:\n    certificate-authority-data: LS0tLS1CRUdJTiBDRVJUSUZJQ0FURS0tLS0tCk1JSURCVENDQWUyZ0F3SUJBZ0lJWVJGb3dVL3YrdEl3RFFZSktvWklodmNOQVFFTEJRQXdGVEVUTUJFR0ExVUUKQXhNS2EzVmlaWEp1WlhSbGN6QWVGdzB5TmpBME1URXhPVEV4TkRWYUZ3MHpOakEwTURneE9URTJORFZhTUJVeApFekFSQmdOVkJBTVRDbXQxWW1WeWJtVjBaWE13Z2dFaU1BMEdDU3FHU0liM0RRRUJBUVVBQTRJQkR3QXdnZ0VLCkFvSUJBUUR0RjB6UjRhSzFicE5lMEZBQ1VvNTJ1TDdXcENXVEE3ekU5TmVzNy9Ib3MxcWRlS2FWbzdUNEhzdGsKWWdYRFhiTmJSNi9qZWt2cm1wZnFKQkZpK3hIWThBK1BLeTA4Uy9jQnRQbDI5aTc4cXdwazlrZS9TMGxiSmNlWApiL2s3REE1djkrZXAzZmNzbjc1dFQyZVFHaStoS1JkbkpubWNUSGVxa0pvcDl2RVhUVnl5YnJ6c2NxV0lWTGxFCldIWm94RStVQ1VzcU55UnB2NlU1MFVOVGFxU2hudHQ1YjlQaUc3TExsSTVFTjZoRzF3Wm9ZbXp2WlJCcmZER28KbzJSSFdtL3dUaDN1SUFvaUZ1Q3Fhd2o1Ym42L0xSWFY4MDgvUEFhdmw5cHV6K21mSytjMVFCU0pUcUpkeGphaQoreEs2WEFwT3pzZCtNMCt0bHlnZWkzeVN1eEZIQWdNQkFBR2pXVEJYTUE0R0ExVWREd0VCL3dRRUF3SUNwREFQCkJnTlZIUk1CQWY4RUJUQURBUUgvTUIwR0ExVWREZ1FXQkJTVGVhWG8zMHhmUHArSndvLzVRMWpKSU50VlJEQVYKQmdOVkhSRUVEakFNZ2dwcmRXSmxjbTVsZEdWek1BMEdDU3FHU0liM0RRRUJDd1VBQTRJQkFRQjNWVE9QRjV0UApUakRzZ1gwMUhSclRqaWxCNEZ4V1RSNTh3WkJhWGFZbkRlbFFWSTFjVjNxQ2NudzJlaURhMlJOcHN1WU5sY2p3CjZRNEV5QUNsMU13dW9KRnFBS002amFHbHczaDZjU1EzVHQvdUEyQ05TZ2daMk91MG9ZT3R6ZCtrZGRhZ0g1dGMKaTQweEExL2hQK2F6Y1V6LzJWdGJCZ2lDTUt0QUFldTJiaWNuQmdCWXMrS1VnelI1Q1k3dkhzRnM1L04rRmNXZwo0SWx6V0dHaVdEbGpmK3FTc0xMREhuaXZHSGNjV2dYUUJhWDNLV3g1dktCUFJSTWhadFVaZ1YrdjFPZi9QT3JPCmZSazNpdFhQdmxxR1RXeEpLUWtEeDNyaWFmTzJhMHNqMy9lOW9zWUh3emtUdE5oNis4M1ExOGRpQ1F1eWFPdFEKUXJhemloU0pjbi9XCi0tLS0tRU5EIENFUlRJRklDQVRFLS0tLS0K\n    server: https://127.0.0.1:59082\n  name: kind-survivor-net\ncontexts:\n- context:\n    cluster: kind-survivor-net\n    user: kind-survivor-net\n  name: kind-survivor-net\ncurrent-context: kind-survivor-net\nkind: Config\npreferences: {}\nusers:\n- name: kind-survivor-net\n  user:\n    client-certificate-data: LS0tLS1CRUdJTiBDRVJUSUZJQ0FURS0tLS0tCk1JSURLVENDQWhHZ0F3SUJBZ0lJTkFhQzlFOTRvRTB3RFFZSktvWklodmNOQVFFTEJRQXdGVEVUTUJFR0ExVUUKQXhNS2EzVmlaWEp1WlhSbGN6QWVGdzB5TmpBME1URXhPVEV4TkRWYUZ3MHlOekEwTVRFeE9URTJORFZhTUR3eApIekFkQmdOVkJBb1RGbXQxWW1WaFpHMDZZMngxYzNSbGNpMWhaRzFwYm5NeEdUQVhCZ05WQkFNVEVHdDFZbVZ5CmJtVjBaWE10WVdSdGFXNHdnZ0VpTUEwR0NTcUdTSWIzRFFFQkFRVUFBNElCRHdBd2dnRUtBb0lCQVFEQXV6czUKQlBpNTN6L2ZGT0o5YUxYbE96ZjdtSHNxQ3VGUWhuanUybGVCNGlYUUwvVHJZMU11bEJqSmIvMzlqazl6VGNwNwpucmVkUzNPdlQwYmVUZWdRRmJRMWQ1eXBYYkhGL1pTZU10bW1mMFNuVmpGNE1CWjFUeVljdDVMRjE5eHpaYk1ICkE4akRVbHNsOGZKdW94aVZtaGdLbFQrRzRHbEpXWDJmWkt5ZzJYVkFvUmVkOHNNcGtzWTIyVmpkWi9jWjFsbk0KRC9vcy9rMVJENzIvMHhhUWF4bXZHNm1xb2p3c3lIRG4wdFNyek96bjU4ejliMmNZNWw0cC9VVWFON0sxRzNrRQpXNjY5bENGWE5Kd3BkTlFoWitwd3VhK3JnWTNZdlphU1czSEVHOXFDL1VTaU0zaHdicUhHaU0zU0ZYUzIvMldzCmM0U21Pdm5ZTDFqK3JaT2JBZ01CQUFHalZqQlVNQTRHQTFVZER3RUIvd1FFQXdJRm9EQVRCZ05WSFNVRUREQUsKQmdnckJnRUZCUWNEQWpBTUJnTlZIUk1CQWY4RUFqQUFNQjhHQTFVZEl3UVlNQmFBRkpONXBlamZURjgrbjRuQwpqL2xEV01rZzIxVkVNQTBHQ1NxR1NJYjNEUUVCQ3dVQUE0SUJBUUFPYjBwSVl1STY0b0tIUlNmblVSRGJHelg4CjZyaWRqRUpaYVgzbUw3cWlUbk9VYjVhOVI3Mno0UmU0K281NUt2eXROVTMwQzc2enhmZ1JiZFBYNEtJNlhJVUoKaWhaRUM2c1ZsT29kcFBzeHRrVm1zaFFCTDBKYkhLTG9qZ2dQSXNSMGQzZ3A4cnZmTTR2U0gyUDRrblZDTnFWSwpQT2FWcTdma0JPVVY2QVA3RkszQnAxZzIyL0dNMFdoWHpId1VaU254UmVWMWZtKzRoT3Z0VkpyaERPTThaNk9rCnIzVmZOY2hSaWdtZHpjRTdicDJacU1WaFljQy80QlVFc0hrRFZXOE5kcHJQTHNyZFhTb1pUOC9TQ2dlN0VLRjkKZDlJNHFPS3VKbjNqV0NVM2ZRMnVIVTFpVkFhTUFXM3c1ZmVWdldSUUp4THB6VmlDeGhoSGJCNEl6QTdwCi0tLS0tRU5EIENFUlRJRklDQVRFLS0tLS0K\n    client-key-data: LS0tLS1CRUdJTiBSU0EgUFJJVkFURSBLRVktLS0tLQpNSUlFcEFJQkFBS0NBUUVBd0xzN09RVDR1ZDgvM3hUaWZXaTE1VHMzKzVoN0tncmhVSVo0N3RwWGdlSWwwQy8wCjYyTlRMcFFZeVcvOS9ZNVBjMDNLZTU2M25VdHpyMDlHM2szb0VCVzBOWGVjcVYyeHhmMlVuakxacG45RXAxWXgKZURBV2RVOG1ITGVTeGRmY2MyV3pCd1BJdzFKYkpmSHlicU1ZbFpvWUNwVS9odUJwU1ZsOW4yU3NvTmwxUUtFWApuZkxES1pMR050bFkzV2YzR2RaWnpBLzZMUDVOVVErOXY5TVdrR3Nacnh1cHFxSThMTWh3NTlMVXE4enM1K2ZNCi9XOW5HT1plS2YxRkdqZXl0UnQ1QkZ1dXZaUWhWelNjS1hUVUlXZnFjTG12cTRHTjJMMldrbHR4eEJ2YWd2MUUKb2pONGNHNmh4b2pOMGhWMHR2OWxySE9FcGpyNTJDOVkvcTJUbXdJREFRQUJBb0lCQUVqbkNkSFp0WlBwaEttSApwdHkxUFFqR3k3aFp4MHp4N0tTZkdTT1FaOFZ6bThZU1BkekVKM1RaQkQ4K0k1OURzMzMwRVFHTjJmcWZ6ZFNrCmNqUW8xLzB0bUlzWkFhTjNFNFhIRSs1N1lhVC9ReUxoRWJsYXgwUDhlbmdtWUZpQi9KdVIvcFJLdENoZUFLaHIKeXI1YTV6Ty9wQlJzdkNqeXZpREd2eVFKMnRyRWZ1OEI5aVNoZW5OQXpmdDlyYjRvQlFUcUVSUkdGdm96MVloNgptdzlhclZLRTZ4OTErVTJhdENzZTFhaSszcVIvSTZjNW1qZTBvUW45RTh6Q1BxQmRYL2VmTWR6NE5TYzAwZ1RjCkc3aUViRDhhT1hoOU9UQXN5dGFkb0szdVpaYkkwN0EyVS85VTJBTTVLb2J3ZUkxNllZQWY5SDVuL2FUVWdTdHYKdnl3M0xaRUNnWUVBMy8zSXJuSU9jTmttVFpNTlBXTkYwTEY1dE92NFBLVEZVaWg0TldzVFR1RmhFV0dWMzJpUApwaXBObktuRUY3NmtZcHJXV3RaL1VDYU9ISVV6bUhVUm9VbWtOL3lyZ3Z1ekZHT0s5UjhReW5iWkZTRTFKZG1OCkF5RDlrQlE1ckVycGRwbUQrVHVUM0dIVCtTUG5CZnhORVc2UFlqS1E4SjlKVTVlZzJ3VmlsazhDZ1lFQTNFWGYKUnN4Rko1TVVpVjI1TjZFbWVhR3ZUS1BnTUxGbHN0anpYTnNhVVdPTVZzZzcvTDFWSWtUeitYR1ZJdllQOEwwVQpaN1ZsbWExSFBYa3dGS3VpUmxMZ1RaQ2tCb0VtdmxQSVlQK0dpcmJTUFlWUUdqeE0zY3JPOXhHd292TUJ2eFlnCllReWJYSnZjb09qbnpSb3RiMndIZFkvd0lGdnVlQUoyZHoyOEp2VUNnWUVBeWNUWE1HVG5vem5JcWhwcjA3K0kKRlR5NWtJTDdZczFlUGVyY2xlbjFRNW44RVdjaFZWVGdDV09UOUNwc3pLTGJlME5WRWhDa01IUDZrYkJmVU5jcgo0V2p2dDhzd1NGWW84NVhUaDRqTFhFWUF1R3JvY0VidklrRm1oNUhnZmRZaFJjZDF2VjJ3ak5YRzEyZEM1UDVvCkFlcmcyQ2tLck9ZZmJHQnE4c0NBRlRzQ2dZRUFwV2RpYmd0ZHNvWGpXZk1pN2Y3NG9VVWtHV3pGSUV0VmpxTVMKdTV0YmU5cEF1N25JTWRVS1pKMWFodWtma0EwdGt4eW9nZWZZenprcTBhSjYxRXE5cEFqL25iOExMRWMzREp4bApUMUVSZW9BbUIwUmdEaE5SdFFwaHQyMTFNaWRBSEhsRS94czBYcW83VmlrT1J4bHRITW9HSCtWaDd5cVpPMHkrCklIUWZJVEVDZ1lCWDJKdkRJL0hiVkg0M2VJTVFoclEvenJJQ3ZCUWlJRzJybHlCa3QxMXJRMU1VUzdObFc2TTUKVEpzU2dVQ0hvZTZNdWFRbFFyTnN1YmVGcWIwUkYySmY3cndQUHVYbVFPUVU0VEdUTGF0Q2dHTVRQd2wxZSs0SApjalZaYWc0RXoyMy9DV3BBZXI3VDY5azBWTG5NbkgvcDlvV3lmZmd2ZWI2aXJlSkwyRVdYL0E9PQotLS0tLUVORCBSU0EgUFJJVkFURSBLRVktLS0tLQo=\n",
            "kubeconfig_path": "/Users/F5371961/platform-engineering/survivor-network/survivor-infra/survivor-net-config",
            "name": "survivor-net",
            "node_image": null,
            "timeouts": null,
            "wait_for_ready": true
          },
          "sensitive_attributes": [],
          "private": "eyJlMmJmYjczMC1lY2FhLTExZTYtOGY4OC0zNDM2M2JjN2M0YzAiOnsiY3JlYXRlIjozMDAwMDAwMDAwMDAsImRlbGV0ZSI6MzAwMDAwMDAwMDAwLCJ1cGRhdGUiOjMwMDAwMDAwMDAwMH19"
        }
      ]
    },
    {
      "mode": "managed",
      "type": "kubernetes_ingress_v1",
      "name": "minio_ingress",
      "provider": "provider[\"registry.terraform.io/hashicorp/kubernetes\"]",
      "instances": [
        {
          "schema_version": 0,
          "attributes": {
            "id": "data/minio-ingress",
            "metadata": [
              {
                "annotations": {
                  "nginx.ingress.kubernetes.io/cors-allow-credentials": "true",
                  "nginx.ingress.kubernetes.io/cors-allow-methods": "PUT, GET, POST, OPTIONS, DELETE",
                  "nginx.ingress.kubernetes.io/cors-allow-origin": "http://minio.127.0.0.1.nip.io, http://minio-api.127.0.0.1.nip.io",
                  "nginx.ingress.kubernetes.io/enable-cors": "true",
                  "nginx.ingress.kubernetes.io/proxy-body-size": "1024m",
                  "nginx.ingress.kubernetes.io/proxy-http-version": "1.1",
                  "nginx.ingress.kubernetes.io/proxy-read-timeout": "600",
                  "nginx.ingress.kubernetes.io/proxy-send-timeout": "600",
                  "nginx.ingress.kubernetes.io/ssl-redirect": "false"
                },
                "generate_name": "",
                "generation": 1,
                "labels": {},
                "name": "minio-ingress",
                "namespace": "data",
                "resource_version": "1750",
                "uid": "2a3d5f3f-bf36-4b23-a0a6-3df7be884ebb"
              }
            ],
            "spec": [
              {
                "default_backend": [],
                "ingress_class_name": "nginx",
                "rule": [
                  {
                    "host": "minio.127.0.0.1.nip.io",
                    "http": [
                      {
                        "path": [
                          {
                            "backend": [
                              {
                                "resource": [],
                                "service": [
                                  {
                                    "name": "survivor-storage",
                                    "port": [
                                      {
                                        "name": "",
                                        "number": 9001
                                      }
                                    ]
                                  }
                                ]
                              }
                            ],
                            "path": "/",
                            "path_type": "Prefix"
                          }
                        ]
                      }
                    ]
                  },
                  {
                    "host": "minio-api.127.0.0.1.nip.io",
                    "http": [
                      {
                        "path": [
                          {
                            "backend": [
                              {
                                "resource": [],
                                "service": [
                                  {
                                    "name": "survivor-storage",
                                    "port": [
                                      {
                                        "name": "",
                                        "number": 9000
                                      }
                                    ]
                                  }
                                ]
                              }
                            ],
                            "path": "/",
                            "path_type": "Prefix"
                          }
                        ]
                      }
                    ]
                  }
                ],
                "tls": []
              }
            ],
            "status": [
              {
                "load_balancer": [
                  {
                    "ingress": [
                      {
                        "hostname": "",
                        "ip": "10.96.111.3"
                      }
                    ]
                  }
                ]
              }
            ],
            "timeouts": null,
            "wait_for_load_balancer": null
          },
          "sensitive_attributes": [],
          "private": "eyJlMmJmYjczMC1lY2FhLTExZTYtOGY4OC0zNDM2M2JjN2M0YzAiOnsiY3JlYXRlIjoxMjAwMDAwMDAwMDAwLCJkZWxldGUiOjEyMDAwMDAwMDAwMDB9fQ==",
          "dependencies": [
            "helm_release.ingress_nginx",
            "helm_release.minio",
            "kind_cluster.survivor_net",
            "kubernetes_namespace.namespaces"
          ]
        }
      ]
    },
    {
      "mode": "managed",
      "type": "kubernetes_namespace",
      "name": "namespaces",
      "provider": "provider[\"registry.terraform.io/hashicorp/kubernetes\"]",
      "instances": [
        {
          "index_key": "argo",
          "schema_version": 0,
          "attributes": {
            "id": "argo",
            "metadata": [
              {
                "annotations": {},
                "generate_name": "",
                "generation": 0,
                "labels": {
                  "env": "prod-local",
                  "managed-by": "terraform"
                },
                "name": "argo",
                "resource_version": "981",
                "uid": "0f15545d-b3bf-4c67-8f5b-0fbda2d83f9a"
              }
            ],
            "timeouts": null,
            "wait_for_default_service_account": false
          },
          "sensitive_attributes": [],
          "private": "eyJlMmJmYjczMC1lY2FhLTExZTYtOGY4OC0zNDM2M2JjN2M0YzAiOnsiZGVsZXRlIjozMDAwMDAwMDAwMDB9fQ==",
          "dependencies": [
            "kind_cluster.survivor_net"
          ]
        },
        {
          "index_key": "data",
          "schema_version": 0,
          "attributes": {
            "id": "data",
            "metadata": [
              {
                "annotations": {},
                "generate_name": "",
                "generation": 0,
                "labels": {
                  "env": "prod-local",
                  "managed-by": "terraform"
                },
                "name": "data",
                "resource_version": "983",
                "uid": "f1965bdb-55b5-4354-b141-276b2714d1e9"
              }
            ],
            "timeouts": null,
            "wait_for_default_service_account": false
          },
          "sensitive_attributes": [],
          "private": "eyJlMmJmYjczMC1lY2FhLTExZTYtOGY4OC0zNDM2M2JjN2M0YzAiOnsiZGVsZXRlIjozMDAwMDAwMDAwMDB9fQ==",
          "dependencies": [
            "kind_cluster.survivor_net"
          ]
        },
        {
          "index_key": "observability",
          "schema_version": 0,
          "attributes": {
            "id": "observability",
            "metadata": [
              {
                "annotations": {},
                "generate_name": "",
                "generation": 0,
                "labels": {
                  "env": "prod-local",
                  "managed-by": "terraform"
                },
                "name": "observability",
                "resource_version": "980",
                "uid": "fb9f2218-f280-4d75-9af1-0d335dbacb85"
              }
            ],
            "timeouts": null,
            "wait_for_default_service_account": false
          },
          "sensitive_attributes": [],
          "private": "eyJlMmJmYjczMC1lY2FhLTExZTYtOGY4OC0zNDM2M2JjN2M0YzAiOnsiZGVsZXRlIjozMDAwMDAwMDAwMDB9fQ==",
          "dependencies": [
            "kind_cluster.survivor_net"
          ]
        },
        {
          "index_key": "survivor-apps",
          "schema_version": 0,
          "attributes": {
            "id": "survivor-apps",
            "metadata": [
              {
                "annotations": {},
                "generate_name": "",
                "generation": 0,
                "labels": {
                  "env": "prod-local",
                  "managed-by": "terraform"
                },
                "name": "survivor-apps",
                "resource_version": "982",
                "uid": "d48e2096-5cbc-4f97-887c-d39fbea5f395"
              }
            ],
            "timeouts": null,
            "wait_for_default_service_account": false
          },
          "sensitive_attributes": [],
          "private": "eyJlMmJmYjczMC1lY2FhLTExZTYtOGY4OC0zNDM2M2JjN2M0YzAiOnsiZGVsZXRlIjozMDAwMDAwMDAwMDB9fQ==",
          "dependencies": [
            "kind_cluster.survivor_net"
          ]
        }
      ]
    },
    {
      "mode": "managed",
      "type": "null_resource",
      "name": "apply_backend_manifests",
      "provider": "provider[\"registry.terraform.io/hashicorp/null\"]",
      "instances": [
        {
          "schema_version": 0,
          "attributes": {
            "id": "4424340577809050243",
            "triggers": {
              "deployment_sha": "9f564517ecd8171ed880d5404d14f6ddc45aa145218f193ecd6a2141e64e7edb",
              "image_tag": "latest",
              "ingress_sha": "f1bdd3489ac3ef7921e1406ff3f7966837d21f668f7b710446b2d29f3bbe6413"
            }
          },
          "sensitive_attributes": [],
          "dependencies": [
            "helm_release.ingress_nginx",
            "helm_release.minio",
            "helm_release.postgresql",
            "kind_cluster.survivor_net",
            "kubernetes_namespace.namespaces",
            "null_resource.build_backend_image",
            "null_resource.load_backend_image"
          ]
        }
      ]
    },
    {
      "mode": "managed",
      "type": "null_resource",
      "name": "build_backend_image",
      "provider": "provider[\"registry.terraform.io/hashicorp/null\"]",
      "instances": [
        {
          "schema_version": 0,
          "attributes": {
            "id": "3444385611042678472",
            "triggers": {
              "dockerfile_sha": "d2196299b656d21010c0f65f0862393b220b5cf81774f533776c89f21a7dccc8",
              "image_tag": "latest"
            }
          },
          "sensitive_attributes": [],
          "dependencies": [
            "kind_cluster.survivor_net"
          ]
        }
      ]
    },
    {
      "mode": "managed",
      "type": "null_resource",
      "name": "load_backend_image",
      "provider": "provider[\"registry.terraform.io/hashicorp/null\"]",
      "instances": [
        {
          "schema_version": 0,
          "attributes": {
            "id": "6933609688041790059",
            "triggers": {
              "image_tag": "latest"
            }
          },
          "sensitive_attributes": [],
          "dependencies": [
            "kind_cluster.survivor_net",
            "null_resource.build_backend_image"
          ]
        }
      ]
    },
    {
      "mode": "managed",
      "type": "null_resource",
      "name": "restart_backend",
      "provider": "provider[\"registry.terraform.io/hashicorp/null\"]",
      "instances": [
        {
          "schema_version": 0,
          "attributes": {
            "id": "603085045827237585",
            "triggers": {
              "image_tag": "latest"
            }
          },
          "sensitive_attributes": [],
          "dependencies": [
            "helm_release.ingress_nginx",
            "helm_release.minio",
            "helm_release.postgresql",
            "kind_cluster.survivor_net",
            "kubernetes_namespace.namespaces",
            "null_resource.apply_backend_manifests",
            "null_resource.build_backend_image",
            "null_resource.load_backend_image"
          ]
        }
      ]
    },
    {
      "mode": "managed",
      "type": "null_resource",
      "name": "rollout_backend",
      "provider": "provider[\"registry.terraform.io/hashicorp/null\"]",
      "instances": [
        {
          "schema_version": 0,
          "attributes": {
            "id": "2497058194937152691",
            "triggers": {
              "image_tag": "latest"
            }
          },
          "sensitive_attributes": [],
          "dependencies": [
            "helm_release.ingress_nginx",
            "helm_release.minio",
            "helm_release.postgresql",
            "kind_cluster.survivor_net",
            "kubernetes_namespace.namespaces",
            "null_resource.apply_backend_manifests",
            "null_resource.build_backend_image",
            "null_resource.load_backend_image",
            "null_resource.restart_backend"
          ]
        }
      ]
    }
  ],
  "check_results": null
}
