{
  "version": 4,
  "terraform_version": "1.5.7",
  "serial": 181,
  "lineage": "a467849a-663b-4e30-ba3d-f050157212b2",
  "outputs": {},
  "resources": [
    {
      "mode": "managed",
      "type": "helm_release",
      "name": "ingress_nginx",
      "provider": "provider[\"registry.terraform.io/hashicorp/helm\"]",
      "instances": [
        {
          "schema_version": 1,
          "attributes": {
            "atomic": false,
            "chart": "ingress-nginx",
            "cleanup_on_fail": false,
            "create_namespace": false,
            "dependency_update": false,
            "description": null,
            "devel": null,
            "disable_crd_hooks": false,
            "disable_openapi_validation": false,
            "disable_webhooks": false,
            "force_update": false,
            "id": "ingress-nginx",
            "keyring": null,
            "lint": false,
            "manifest": null,
            "max_history": 0,
            "metadata": [
              {
                "app_version": "1.15.1",
                "chart": "ingress-nginx",
                "first_deployed": 1774860644,
                "last_deployed": 1774860644,
                "name": "ingress-nginx",
                "namespace": "kube-system",
                "notes": "The ingress-nginx controller has been installed.\nGet the application URL by running these commands:\n  export HTTP_NODE_PORT=$(kubectl get service --namespace kube-system ingress-nginx-controller --output jsonpath=\"{.spec.ports[0].nodePort}\")\n  export HTTPS_NODE_PORT=$(kubectl get service --namespace kube-system ingress-nginx-controller --output jsonpath=\"{.spec.ports[1].nodePort}\")\n  export NODE_IP=\"$(kubectl get nodes --output jsonpath=\"{.items[0].status.addresses[1].address}\")\"\n\n  echo \"Visit http://${NODE_IP}:${HTTP_NODE_PORT} to access your application via HTTP.\"\n  echo \"Visit https://${NODE_IP}:${HTTPS_NODE_PORT} to access your application via HTTPS.\"\n\nAn example Ingress that makes use of the controller:\n  apiVersion: networking.k8s.io/v1\n  kind: Ingress\n  metadata:\n    name: example\n    namespace: foo\n  spec:\n    ingressClassName: nginx\n    rules:\n      - host: www.example.com\n        http:\n          paths:\n            - pathType: Prefix\n              backend:\n                service:\n                  name: exampleService\n                  port:\n                    number: 80\n              path: /\n    # This section is only required if TLS is to be enabled for the Ingress\n    tls:\n      - hosts:\n        - www.example.com\n        secretName: example-tls\n\nIf TLS is enabled for the Ingress, a Secret containing the certificate and key must also be provided:\n\n  apiVersion: v1\n  kind: Secret\n  metadata:\n    name: example-tls\n    namespace: foo\n  data:\n    tls.crt: \u003cbase64 encoded cert\u003e\n    tls.key: \u003cbase64 encoded key\u003e\n  type: kubernetes.io/tls\n",
                "revision": 1,
                "values": "{\"controller\":{\"hostPort\":{\"enabled\":true},\"nodeSelector\":{\"ingress-ready\":\"true\"},\"service\":{\"type\":\"NodePort\"},\"watchIngressWithoutClass\":true}}",
                "version": "4.15.1"
              }
            ],
            "name": "ingress-nginx",
            "namespace": "kube-system",
            "pass_credentials": false,
            "postrender": [],
            "recreate_pods": false,
            "render_subchart_notes": true,
            "replace": false,
            "repository": "https://kubernetes.github.io/ingress-nginx",
            "repository_ca_file": null,
            "repository_cert_file": null,
            "repository_key_file": null,
            "repository_password": null,
            "repository_username": null,
            "reset_values": false,
            "reuse_values": false,
            "set": [
              {
                "name": "controller.hostPort.enabled",
                "type": "",
                "value": "true"
              },
              {
                "name": "controller.nodeSelector.ingress-ready",
                "type": "string",
                "value": "true"
              },
              {
                "name": "controller.service.type",
                "type": "",
                "value": "NodePort"
              },
              {
                "name": "controller.watchIngressWithoutClass",
                "type": "",
                "value": "true"
              }
            ],
            "set_list": [],
            "set_sensitive": [],
            "skip_crds": false,
            "status": "deployed",
            "timeout": 300,
            "upgrade_install": null,
            "values": null,
            "verify": false,
            "version": "4.15.1",
            "wait": true,
            "wait_for_jobs": false
          },
          "sensitive_attributes": [],
          "private": "eyJzY2hlbWFfdmVyc2lvbiI6IjEifQ==",
          "dependencies": [
            "kind_cluster.survivor_net"
          ]
        }
      ]
    },
    {
      "mode": "managed",
      "type": "helm_release",
      "name": "kube_prometheus_stack",
      "provider": "provider[\"registry.terraform.io/hashicorp/helm\"]",
      "instances": [
        {
          "schema_version": 1,
          "attributes": {
            "atomic": false,
            "chart": "kube-prometheus-stack",
            "cleanup_on_fail": false,
            "create_namespace": false,
            "dependency_update": false,
            "description": null,
            "devel": null,
            "disable_crd_hooks": false,
            "disable_openapi_validation": false,
            "disable_webhooks": false,
            "force_update": false,
            "id": "kube-prometheus-stack",
            "keyring": null,
            "lint": false,
            "manifest": null,
            "max_history": 0,
            "metadata": [
              {
                "app_version": "v0.89.0",
                "chart": "kube-prometheus-stack",
                "first_deployed": 1774860757,
                "last_deployed": 1774860757,
                "name": "kube-prometheus-stack",
                "namespace": "observability",
                "notes": "kube-prometheus-stack has been installed. Check its status by running:\n  kubectl --namespace observability get pods -l \"release=kube-prometheus-stack\"\n\nGet Grafana 'admin' user password by running:\n\n  kubectl --namespace observability get secrets kube-prometheus-stack-grafana -o jsonpath=\"{.data.admin-password}\" | base64 -d ; echo\n\nAccess Grafana local instance:\n\n  export POD_NAME=$(kubectl --namespace observability get pod -l \"app.kubernetes.io/name=grafana,app.kubernetes.io/instance=kube-prometheus-stack\" -oname)\n  kubectl --namespace observability port-forward $POD_NAME 3000\n\nGet your grafana admin user password by running:\n\n  kubectl get secret --namespace observability -l app.kubernetes.io/component=admin-secret -o jsonpath=\"{.items[0].data.admin-password}\" | base64 --decode ; echo\n\n\nVisit https://github.com/prometheus-operator/kube-prometheus for instructions on how to create \u0026 configure Alertmanager and Prometheus instances using the Operator.\n\n1. Get your 'admin' user password by running:\n\n   kubectl get secret --namespace observability kube-prometheus-stack-grafana -o jsonpath=\"{.data.admin-password}\" | base64 --decode ; echo\n\n\n2. The Grafana server can be accessed via port 80 on the following DNS name from within your cluster:\n\n   kube-prometheus-stack-grafana.observability.svc.cluster.local\n\n   If you bind grafana to 80, please update values in values.yaml and reinstall:\n   ```\n   securityContext:\n     runAsUser: 0\n     runAsGroup: 0\n     fsGroup: 0\n\n   command:\n   - \"setcap\"\n   - \"'cap_net_bind_service=+ep'\"\n   - \"/usr/sbin/grafana-server \u0026\u0026\"\n   - \"sh\"\n   - \"/run.sh\"\n   ```\n   Details refer to https://grafana.com/docs/installation/configuration/#http-port.\n   Or grafana would always crash.\n\n   From outside the cluster, the server URL(s) are:\n     http://grafana.127.0.0.1.nip.io\n\n3. Login with the password from step 1 and the username: admin\n#################################################################################\n######   WARNING: Persistence is disabled!!! You will lose your data when   #####\n######            the Grafana pod is terminated.                            #####\n#################################################################################\n",
                "revision": 1,
                "values": "{\"alertmanager\":{\"enabled\":false},\"grafana\":{\"additionalDataSources\":[{\"access\":\"proxy\",\"isDefault\":false,\"name\":\"Loki\",\"type\":\"loki\",\"url\":\"http://loki.observability.svc.cluster.local:3100\"},{\"access\":\"proxy\",\"isDefault\":false,\"name\":\"Tempo\",\"type\":\"tempo\",\"url\":\"http://tempo.observability.svc.cluster.local:3100\"}],\"adminPassword\":\"survivor-grafana-pw\",\"ingress\":{\"enabled\":true,\"hosts\":[\"grafana.127.0.0.1.nip.io\"],\"ingressClassName\":\"nginx\",\"path\":\"/\"},\"nodeSelector\":{\"tier\":\"tools\"}},\"kubeStateMetrics\":{\"enabled\":false},\"nodeExporter\":{\"enabled\":false},\"prometheus\":{\"ingress\":{\"enabled\":true,\"hosts\":[\"prometheus.127.0.0.1.nip.io\"],\"ingressClassName\":\"nginx\",\"paths\":[\"/\"]},\"prometheusSpec\":{\"nodeSelector\":{\"tier\":\"tools\"},\"storageSpec\":{}}},\"prometheusOperator\":{\"enabled\":false}}",
                "version": "82.15.1"
              }
            ],
            "name": "kube-prometheus-stack",
            "namespace": "observability",
            "pass_credentials": false,
            "postrender": [],
            "recreate_pods": false,
            "render_subchart_notes": true,
            "replace": false,
            "repository": "https://prometheus-community.github.io/helm-charts",
            "repository_ca_file": null,
            "repository_cert_file": null,
            "repository_key_file": null,
            "repository_password": null,
            "repository_username": null,
            "reset_values": false,
            "reuse_values": false,
            "set": [],
            "set_list": [],
            "set_sensitive": [],
            "skip_crds": false,
            "status": "deployed",
            "timeout": 600,
            "upgrade_install": null,
            "values": [
              "\"alertmanager\":\n  \"enabled\": false\n\"grafana\":\n  \"additionalDataSources\":\n  - \"access\": \"proxy\"\n    \"isDefault\": false\n    \"name\": \"Loki\"\n    \"type\": \"loki\"\n    \"url\": \"http://loki.observability.svc.cluster.local:3100\"\n  - \"access\": \"proxy\"\n    \"isDefault\": false\n    \"name\": \"Tempo\"\n    \"type\": \"tempo\"\n    \"url\": \"http://tempo.observability.svc.cluster.local:3100\"\n  \"adminPassword\": \"survivor-grafana-pw\"\n  \"ingress\":\n    \"enabled\": true\n    \"hosts\":\n    - \"grafana.127.0.0.1.nip.io\"\n    \"ingressClassName\": \"nginx\"\n    \"path\": \"/\"\n  \"nodeSelector\":\n    \"tier\": \"tools\"\n\"kubeStateMetrics\":\n  \"enabled\": false\n\"nodeExporter\":\n  \"enabled\": false\n\"prometheus\":\n  \"ingress\":\n    \"enabled\": true\n    \"hosts\":\n    - \"prometheus.127.0.0.1.nip.io\"\n    \"ingressClassName\": \"nginx\"\n    \"paths\":\n    - \"/\"\n  \"prometheusSpec\":\n    \"nodeSelector\":\n      \"tier\": \"tools\"\n    \"storageSpec\": {}\n\"prometheusOperator\":\n  \"enabled\": false\n"
            ],
            "verify": false,
            "version": "82.15.1",
            "wait": true,
            "wait_for_jobs": false
          },
          "sensitive_attributes": [],
          "private": "eyJzY2hlbWFfdmVyc2lvbiI6IjEifQ==",
          "dependencies": [
            "helm_release.ingress_nginx",
            "kind_cluster.survivor_net",
            "kubernetes_namespace.namespaces"
          ]
        }
      ]
    },
    {
      "mode": "managed",
      "type": "helm_release",
      "name": "loki",
      "provider": "provider[\"registry.terraform.io/hashicorp/helm\"]",
      "instances": [
        {
          "schema_version": 1,
          "attributes": {
            "atomic": false,
            "chart": "loki",
            "cleanup_on_fail": false,
            "create_namespace": false,
            "dependency_update": false,
            "description": null,
            "devel": null,
            "disable_crd_hooks": false,
            "disable_openapi_validation": false,
            "disable_webhooks": false,
            "force_update": false,
            "id": "loki",
            "keyring": null,
            "lint": false,
            "manifest": null,
            "max_history": 0,
            "metadata": [
              {
                "app_version": "3.6.7",
                "chart": "loki",
                "first_deployed": 1774860651,
                "last_deployed": 1774860651,
                "name": "loki",
                "namespace": "observability",
                "notes": "***********************************************************************\n Welcome to Grafana Loki\n Chart version: 6.55.0\n Chart Name: loki\n Loki version: 3.6.7\n***********************************************************************\n\n** Please be patient while the chart is being deployed **\n\nTip:\n\n  Watch the deployment status using the command: kubectl get pods -w --namespace observability\n\nIf pods are taking too long to schedule make sure pod affinity can be fulfilled in the current cluster.\n\n***********************************************************************\nInstalled components:\n***********************************************************************\n* loki\n\nLoki has been deployed as a single binary.\nThis means a single pod is handling reads and writes. You can scale that pod vertically by adding more CPU and memory resources.\n\n\n***********************************************************************\nSending logs to Loki\n***********************************************************************\n\nYou can send logs from inside the cluster using the cluster DNS:\n\nhttp://loki.observability.svc.cluster.local:3100/loki/api/v1/push\n\nYou can test to send data from outside the cluster by port-forwarding the gateway to your local machine:\n\n  kubectl port-forward --namespace observability svc/loki 3100:3100 \u0026\n\nAnd then using http://127.0.0.1:3100/loki/api/v1/push URL as shown below:\n\n```\ncurl -H \"Content-Type: application/json\" -XPOST -s \"http://127.0.0.1:3100/loki/api/v1/push\"  \\\n--data-raw \"{\\\"streams\\\": [{\\\"stream\\\": {\\\"job\\\": \\\"test\\\"}, \\\"values\\\": [[\\\"$(date +%s)000000000\\\", \\\"fizzbuzz\\\"]]}]}\"\n```\n\nThen verify that Loki did receive the data using the following command:\n\n```\ncurl \"http://127.0.0.1:3100/loki/api/v1/query_range\" --data-urlencode 'query={job=\"test\"}' | jq .data.result\n```\n\n***********************************************************************\nConnecting Grafana to Loki\n***********************************************************************\n\nIf Grafana operates within the cluster, you'll set up a new Loki datasource by utilizing the following URL:\n\nhttp://loki.observability.svc.cluster.local:3100/\n",
                "revision": 1,
                "values": "{\"backend\":{\"replicas\":0},\"chunksCache\":{\"enabled\":false},\"deploymentMode\":\"SingleBinary\",\"gateway\":{\"enabled\":false},\"loki\":{\"auth_enabled\":false,\"commonConfig\":{\"replication_factor\":1},\"schemaConfig\":{\"configs\":[{\"from\":\"2024-01-01\",\"index\":{\"period\":\"24h\",\"prefix\":\"loki_index_\"},\"object_store\":\"filesystem\",\"schema\":\"v13\",\"store\":\"tsdb\"}]},\"storage\":{\"type\":\"filesystem\"}},\"lokiCanary\":{\"enabled\":false},\"read\":{\"replicas\":0},\"resultsCache\":{\"enabled\":false},\"singleBinary\":{\"nodeSelector\":{\"tier\":\"tools\"},\"replicas\":1},\"test\":{\"enabled\":false},\"write\":{\"replicas\":0}}",
                "version": "6.55.0"
              }
            ],
            "name": "loki",
            "namespace": "observability",
            "pass_credentials": false,
            "postrender": [],
            "recreate_pods": false,
            "render_subchart_notes": true,
            "replace": false,
            "repository": "https://grafana.github.io/helm-charts",
            "repository_ca_file": null,
            "repository_cert_file": null,
            "repository_key_file": null,
            "repository_password": null,
            "repository_username": null,
            "reset_values": false,
            "reuse_values": false,
            "set": [],
            "set_list": [],
            "set_sensitive": [],
            "skip_crds": false,
            "status": "deployed",
            "timeout": 300,
            "upgrade_install": null,
            "values": [
              "\"backend\":\n  \"replicas\": 0\n\"chunksCache\":\n  \"enabled\": false\n\"deploymentMode\": \"SingleBinary\"\n\"gateway\":\n  \"enabled\": false\n\"loki\":\n  \"auth_enabled\": false\n  \"commonConfig\":\n    \"replication_factor\": 1\n  \"schemaConfig\":\n    \"configs\":\n    - \"from\": \"2024-01-01\"\n      \"index\":\n        \"period\": \"24h\"\n        \"prefix\": \"loki_index_\"\n      \"object_store\": \"filesystem\"\n      \"schema\": \"v13\"\n      \"store\": \"tsdb\"\n  \"storage\":\n    \"type\": \"filesystem\"\n\"lokiCanary\":\n  \"enabled\": false\n\"read\":\n  \"replicas\": 0\n\"resultsCache\":\n  \"enabled\": false\n\"singleBinary\":\n  \"nodeSelector\":\n    \"tier\": \"tools\"\n  \"replicas\": 1\n\"test\":\n  \"enabled\": false\n\"write\":\n  \"replicas\": 0\n"
            ],
            "verify": false,
            "version": "6.55.0",
            "wait": true,
            "wait_for_jobs": false
          },
          "sensitive_attributes": [],
          "private": "eyJzY2hlbWFfdmVyc2lvbiI6IjEifQ==",
          "dependencies": [
            "kind_cluster.survivor_net",
            "kubernetes_namespace.namespaces"
          ]
        }
      ]
    },
    {
      "mode": "managed",
      "type": "helm_release",
      "name": "minio",
      "provider": "provider[\"registry.terraform.io/hashicorp/helm\"]",
      "instances": [
        {
          "schema_version": 1,
          "attributes": {
            "atomic": false,
            "chart": "./minio",
            "cleanup_on_fail": false,
            "create_namespace": false,
            "dependency_update": false,
            "description": null,
            "devel": null,
            "disable_crd_hooks": false,
            "disable_openapi_validation": false,
            "disable_webhooks": false,
            "force_update": false,
            "id": "survivor-storage",
            "keyring": null,
            "lint": false,
            "manifest": null,
            "max_history": 0,
            "metadata": [
              {
                "app_version": "latest",
                "chart": "survivor-minio",
                "first_deployed": 1774860647,
                "last_deployed": 1774860647,
                "name": "survivor-storage",
                "namespace": "data",
                "notes": "",
                "revision": 1,
                "values": "{\"auth\":{\"rootPassword\":\"survivor-storage-pw\",\"rootUser\":\"survivor-admin\"},\"extraEnvVars\":[{\"name\":\"MINIO_BROWSER_REDIRECT_URL\",\"value\":\"http://minio.127.0.0.1.nip.io\"},{\"name\":\"MINIO_SERVER_URL\",\"value\":\"http://survivor-storage.data.svc.cluster.local:9000\"}],\"image\":\"minio/minio:latest\",\"nodeSelector\":{\"tier\":\"data\"}}",
                "version": "0.1.0"
              }
            ],
            "name": "survivor-storage",
            "namespace": "data",
            "pass_credentials": false,
            "postrender": [],
            "recreate_pods": false,
            "render_subchart_notes": true,
            "replace": false,
            "repository": null,
            "repository_ca_file": null,
            "repository_cert_file": null,
            "repository_key_file": null,
            "repository_password": null,
            "repository_username": null,
            "reset_values": false,
            "reuse_values": false,
            "set": [],
            "set_list": [],
            "set_sensitive": [],
            "skip_crds": false,
            "status": "deployed",
            "timeout": 300,
            "upgrade_install": null,
            "values": [
              "\"auth\":\n  \"rootPassword\": \"survivor-storage-pw\"\n  \"rootUser\": \"survivor-admin\"\n\"extraEnvVars\":\n- \"name\": \"MINIO_BROWSER_REDIRECT_URL\"\n  \"value\": \"http://minio.127.0.0.1.nip.io\"\n- \"name\": \"MINIO_SERVER_URL\"\n  \"value\": \"http://survivor-storage.data.svc.cluster.local:9000\"\n\"image\": \"minio/minio:latest\"\n\"nodeSelector\":\n  \"tier\": \"data\"\n"
            ],
            "verify": false,
            "version": "0.1.0",
            "wait": true,
            "wait_for_jobs": false
          },
          "sensitive_attributes": [],
          "private": "eyJzY2hlbWFfdmVyc2lvbiI6IjEifQ==",
          "dependencies": [
            "kind_cluster.survivor_net",
            "kubernetes_namespace.namespaces"
          ]
        }
      ]
    },
    {
      "mode": "managed",
      "type": "helm_release",
      "name": "postgresql",
      "provider": "provider[\"registry.terraform.io/hashicorp/helm\"]",
      "instances": [
        {
          "schema_version": 1,
          "attributes": {
            "atomic": false,
            "chart": "./postgresql-18.5.7.tgz",
            "cleanup_on_fail": false,
            "create_namespace": false,
            "dependency_update": false,
            "description": null,
            "devel": null,
            "disable_crd_hooks": false,
            "disable_openapi_validation": false,
            "disable_webhooks": false,
            "force_update": false,
            "id": "survivor-db",
            "keyring": null,
            "lint": false,
            "manifest": null,
            "max_history": 0,
            "metadata": [
              {
                "app_version": "18.3.0",
                "chart": "postgresql",
                "first_deployed": 1774858804,
                "last_deployed": 1774858804,
                "name": "survivor-db",
                "namespace": "data",
                "notes": "\nCHART NAME: postgresql\nCHART VERSION: 18.5.7\nAPP VERSION: 18.3.0\n\n⚠ WARNING: Since August 28th, 2025, only a limited subset of images/charts are available for free.\n    Subscribe to Bitnami Secure Images to receive continued support and security updates.\n    More info at https://bitnami.com and https://github.com/bitnami/containers/issues/83267\n\n** Please be patient while the chart is being deployed **\n\nPostgreSQL can be accessed via port 5432 on the following DNS names from within your cluster:\n\n    survivor-db-postgresql.data.svc.cluster.local - Read/Write connection\n\nTo get the password for \"postgres\" run:\n\n    export POSTGRES_ADMIN_PASSWORD=$(kubectl get secret --namespace data survivor-db-postgresql -o jsonpath=\"{.data.postgres-password}\" | base64 -d)\n\nTo get the password for \"survivor\" run:\n\n    export POSTGRES_PASSWORD=$(kubectl get secret --namespace data survivor-db-postgresql -o jsonpath=\"{.data.password}\" | base64 -d)\n\nTo connect to your database run the following command:\n\n    kubectl run survivor-db-postgresql-client --rm --tty -i --restart='Never' --namespace data --image registry-1.docker.io/bitnami/postgresql:latest --env=\"PGPASSWORD=$POSTGRES_PASSWORD\" \\\n      --command -- psql --host survivor-db-postgresql -U survivor -d survivor -p 5432\n\n    \u003e NOTE: If you access the container using bash, make sure that you execute \"/opt/bitnami/scripts/postgresql/entrypoint.sh /bin/bash\" in order to avoid the error \"psql: local user with ID 1001} does not exist\"\n\nTo connect to your database from outside the cluster execute the following commands:\n\n    kubectl port-forward --namespace data svc/survivor-db-postgresql 5432:5432 \u0026\n    PGPASSWORD=\"$POSTGRES_PASSWORD\" psql --host 127.0.0.1 -U survivor -d survivor -p 5432\n\nWARNING: The configured password will be ignored on new installation in case when previous PostgreSQL release was deleted through the helm command. In that case, old PVC will have an old password, and setting it through helm won't take effect. Deleting persistent volumes (PVs) will solve the issue.\nWARNING: Rolling tag detected (bitnami/postgresql:latest), please note that it is strongly recommended to avoid using rolling tags in a production environment.\n+info https://techdocs.broadcom.com/us/en/vmware-tanzu/bitnami-secure-images/bitnami-secure-images/services/bsi-doc/apps-tutorials-understand-rolling-tags-containers-index.html\nWARNING: Rolling tag detected (bitnami/os-shell:latest), please note that it is strongly recommended to avoid using rolling tags in a production environment.\n+info https://techdocs.broadcom.com/us/en/vmware-tanzu/bitnami-secure-images/bitnami-secure-images/services/bsi-doc/apps-tutorials-understand-rolling-tags-containers-index.html\n\nWARNING: There are \"resources\" sections in the chart not set. Using \"resourcesPreset\" is not recommended for production. For production installations, please set the following values according to your workload needs:\n  - primary.resources\n  - readReplicas.resources\n+info https://kubernetes.io/docs/concepts/configuration/manage-resources-containers/\n",
                "revision": 1,
                "values": "{\"auth\":{\"database\":\"survivor\",\"password\":\"survivor-pw\",\"postgresPassword\":\"survivor-db-pw\",\"username\":\"survivor\"},\"primary\":{\"nodeSelector\":{\"tier\":\"data\"},\"persistence\":{\"enabled\":false}}}",
                "version": "18.5.7"
              }
            ],
            "name": "survivor-db",
            "namespace": "data",
            "pass_credentials": false,
            "postrender": [],
            "recreate_pods": false,
            "render_subchart_notes": true,
            "replace": false,
            "repository": null,
            "repository_ca_file": null,
            "repository_cert_file": null,
            "repository_key_file": null,
            "repository_password": null,
            "repository_username": null,
            "reset_values": false,
            "reuse_values": false,
            "set": [],
            "set_list": [],
            "set_sensitive": [],
            "skip_crds": false,
            "status": "deployed",
            "timeout": 300,
            "upgrade_install": null,
            "values": [
              "\"auth\":\n  \"database\": \"survivor\"\n  \"password\": \"survivor-pw\"\n  \"postgresPassword\": \"survivor-db-pw\"\n  \"username\": \"survivor\"\n\"primary\":\n  \"nodeSelector\":\n    \"tier\": \"data\"\n  \"persistence\":\n    \"enabled\": false\n"
            ],
            "verify": false,
            "version": "18.5.7",
            "wait": true,
            "wait_for_jobs": false
          },
          "sensitive_attributes": [],
          "private": "eyJzY2hlbWFfdmVyc2lvbiI6IjEifQ==",
          "dependencies": [
            "kind_cluster.survivor_net",
            "kubernetes_namespace.namespaces"
          ]
        }
      ]
    },
    {
      "mode": "managed",
      "type": "helm_release",
      "name": "promtail",
      "provider": "provider[\"registry.terraform.io/hashicorp/helm\"]",
      "instances": [
        {
          "schema_version": 1,
          "attributes": {
            "atomic": false,
            "chart": "promtail",
            "cleanup_on_fail": false,
            "create_namespace": false,
            "dependency_update": false,
            "description": null,
            "devel": null,
            "disable_crd_hooks": false,
            "disable_openapi_validation": false,
            "disable_webhooks": false,
            "force_update": false,
            "id": "promtail",
            "keyring": null,
            "lint": false,
            "manifest": null,
            "max_history": 0,
            "metadata": [
              {
                "app_version": "3.5.1",
                "chart": "promtail",
                "first_deployed": 1774860763,
                "last_deployed": 1774860763,
                "name": "promtail",
                "namespace": "observability",
                "notes": "***********************************************************************\n Welcome to Grafana Promtail\n Chart version: 6.17.1\n Promtail version: 3.5.1\n***********************************************************************\n\nVerify the application is working by running these commands:\n* kubectl --namespace observability port-forward daemonset/promtail 3101\n* curl http://127.0.0.1:3101/metrics\n",
                "revision": 1,
                "values": "{\"config\":{\"clients\":[{\"url\":\"http://loki.observability.svc.cluster.local:3100/loki/api/v1/push\"}]},\"nodeSelector\":{\"tier\":\"tools\"}}",
                "version": "6.17.1"
              }
            ],
            "name": "promtail",
            "namespace": "observability",
            "pass_credentials": false,
            "postrender": [],
            "recreate_pods": false,
            "render_subchart_notes": true,
            "replace": false,
            "repository": "https://grafana.github.io/helm-charts",
            "repository_ca_file": null,
            "repository_cert_file": null,
            "repository_key_file": null,
            "repository_password": null,
            "repository_username": null,
            "reset_values": false,
            "reuse_values": false,
            "set": [],
            "set_list": [],
            "set_sensitive": [],
            "skip_crds": false,
            "status": "deployed",
            "timeout": 300,
            "upgrade_install": null,
            "values": [
              "\"config\":\n  \"clients\":\n  - \"url\": \"http://loki.observability.svc.cluster.local:3100/loki/api/v1/push\"\n\"nodeSelector\":\n  \"tier\": \"tools\"\n"
            ],
            "verify": false,
            "version": "6.17.1",
            "wait": true,
            "wait_for_jobs": false
          },
          "sensitive_attributes": [],
          "private": "eyJzY2hlbWFfdmVyc2lvbiI6IjEifQ==",
          "dependencies": [
            "helm_release.loki",
            "kind_cluster.survivor_net",
            "kubernetes_namespace.namespaces"
          ]
        }
      ]
    },
    {
      "mode": "managed",
      "type": "helm_release",
      "name": "tempo",
      "provider": "provider[\"registry.terraform.io/hashicorp/helm\"]",
      "instances": [
        {
          "schema_version": 1,
          "attributes": {
            "atomic": false,
            "chart": "tempo",
            "cleanup_on_fail": false,
            "create_namespace": false,
            "dependency_update": false,
            "description": null,
            "devel": null,
            "disable_crd_hooks": false,
            "disable_openapi_validation": false,
            "disable_webhooks": false,
            "force_update": false,
            "id": "tempo",
            "keyring": null,
            "lint": false,
            "manifest": null,
            "max_history": 0,
            "metadata": [
              {
                "app_version": "2.9.0",
                "chart": "tempo",
                "first_deployed": 1774860647,
                "last_deployed": 1774860647,
                "name": "tempo",
                "namespace": "observability",
                "notes": "",
                "revision": 1,
                "values": "{\"nodeSelector\":{\"tier\":\"tools\"},\"tempo\":{\"storage\":{\"trace\":{\"backend\":\"local\",\"local\":{\"path\":\"/var/tempo/traces\"}}}}}",
                "version": "1.24.4"
              }
            ],
            "name": "tempo",
            "namespace": "observability",
            "pass_credentials": false,
            "postrender": [],
            "recreate_pods": false,
            "render_subchart_notes": true,
            "replace": false,
            "repository": "https://grafana.github.io/helm-charts",
            "repository_ca_file": null,
            "repository_cert_file": null,
            "repository_key_file": null,
            "repository_password": null,
            "repository_username": null,
            "reset_values": false,
            "reuse_values": false,
            "set": [],
            "set_list": [],
            "set_sensitive": [],
            "skip_crds": false,
            "status": "deployed",
            "timeout": 300,
            "upgrade_install": null,
            "values": [
              "\"nodeSelector\":\n  \"tier\": \"tools\"\n\"tempo\":\n  \"storage\":\n    \"trace\":\n      \"backend\": \"local\"\n      \"local\":\n        \"path\": \"/var/tempo/traces\"\n"
            ],
            "verify": false,
            "version": "1.24.4",
            "wait": true,
            "wait_for_jobs": false
          },
          "sensitive_attributes": [],
          "private": "eyJzY2hlbWFfdmVyc2lvbiI6IjEifQ==",
          "dependencies": [
            "kind_cluster.survivor_net",
            "kubernetes_namespace.namespaces"
          ]
        }
      ]
    },
    {
      "mode": "managed",
      "type": "kind_cluster",
      "name": "survivor_net",
      "provider": "provider[\"registry.terraform.io/tehcyx/kind\"]",
      "instances": [
        {
          "schema_version": 0,
          "attributes": {
            "client_certificate": "-----BEGIN CERTIFICATE-----\nMIIDKTCCAhGgAwIBAgIIR5grFwLVdEIwDQYJKoZIhvcNAQELBQAwFTETMBEGA1UE\nAxMKa3ViZXJuZXRlczAeFw0yNjAzMzAwODEzMzBaFw0yNzAzMzAwODE4MzBaMDwx\nHzAdBgNVBAoTFmt1YmVhZG06Y2x1c3Rlci1hZG1pbnMxGTAXBgNVBAMTEGt1YmVy\nbmV0ZXMtYWRtaW4wggEiMA0GCSqGSIb3DQEBAQUAA4IBDwAwggEKAoIBAQC/JjSk\nNYZuimA6ByM6kxOpBVpADSQ0F80rWc9oJto77crGucmy/SMQIlhzSkBNLk1nI8Ls\nwpANiYiDTOoOpLLaJPN/8cOoau/9lD0+NmFhQgdFm2tMr0TXC5hF/OkK9HeldpxS\nHrGI9MnIlgCIWsvk/VirgZnGGbGLZuPBZSLS7wbICbJpD2VP39vMNkYCIzd9gAfg\n9ka3m1vlDTZm8UMsXBLuSowKypbt2uAxOlClaAyJYONTW6UvfhyHQ/xknlyZ6NZQ\nkmUErt2mMhtE9HOwfUy7Ig9I3D/xBl4xptLP8iaRsy66IRkgbUIrTx7MvrLYX+lk\njaIF4bLCJK4iBKrPAgMBAAGjVjBUMA4GA1UdDwEB/wQEAwIFoDATBgNVHSUEDDAK\nBggrBgEFBQcDAjAMBgNVHRMBAf8EAjAAMB8GA1UdIwQYMBaAFLQSbqMmBvdFEuMD\noMO3aOqiuFDRMA0GCSqGSIb3DQEBCwUAA4IBAQB+0q4DCoPoHtW4POCpGoMNOGyK\nZPIzn2L/WJVAUFxZ/x/GOIiDbRk1O5JKnxS/szPRWRqQCVEgMAAyCdpwo+9/VU2w\nYdQqjSbJuRs9l2c9e5rmptSls+Pm8a/zakpM+Upx3pYibGOMYQeT7kPgGCNcBADD\nFtAHQWhK9aLTteShOLepMdO11SKdRjPKiQqE9E7Qg04JRttkPmVSJ0qKzakksJRP\ngOmA4a/M+jOcZOXk5DCYyFxcn5qXws/kpGWDlmNGbCjMEOF/6ECWutY6MREYgpf+\n6BuvuFcoKH/CG0rOzI3x1NdfMOrF4MATdH9LD7Z8l4N4cSEoeSV+eyNY0i6c\n-----END CERTIFICATE-----\n",
            "client_key": "-----BEGIN RSA PRIVATE KEY-----\nMIIEpAIBAAKCAQEAvyY0pDWGbopgOgcjOpMTqQVaQA0kNBfNK1nPaCbaO+3KxrnJ\nsv0jECJYc0pATS5NZyPC7MKQDYmIg0zqDqSy2iTzf/HDqGrv/ZQ9PjZhYUIHRZtr\nTK9E1wuYRfzpCvR3pXacUh6xiPTJyJYAiFrL5P1Yq4GZxhmxi2bjwWUi0u8GyAmy\naQ9lT9/bzDZGAiM3fYAH4PZGt5tb5Q02ZvFDLFwS7kqMCsqW7drgMTpQpWgMiWDj\nU1ulL34ch0P8ZJ5cmejWUJJlBK7dpjIbRPRzsH1MuyIPSNw/8QZeMabSz/ImkbMu\nuiEZIG1CK08ezL6y2F/pZI2iBeGywiSuIgSqzwIDAQABAoIBAHxF6pOX+P6FGGqh\nmVXLqUyKHlLmOFNl5g35Jc8g82FjCCKLR4cG7HTg34CVFZkYMVqM9X3YQK+MayRy\nLPm4Ok95FpZoKDymycCjT+3SjR0eQHwQv4HrsWXeM/HMq/ZjWiZJJvh83A+ellHC\ntDXyUf1eePeIGuGgcr2e9xQVHL7lZ1u7FfJyESeijs5BPbcT2yTg3bmz/N/JjqpD\nS0oboxkO1ROxt8XM54QLtb2BmTk4mPAG9Aw6KTJw1D1qQEVfaBRg+LfJf04KQFpl\nWCosjtrCdlKkYy5LU6hEBRW8597h8jNx5miGpj8fz6xlgpd2SjjaBcK0nOO/BsPT\nnmi8fQECgYEA8TYCHMJzqj3FzJnhG04nOqjYHEsWX3lvlzWUAxszf5aMH7kfSPga\nHe9+95uygqAGuQWF5GiiW2GjF+1f6X8i+Ulb5q8TDjw60VPvOFleR+81E+MA2Shl\ny4l+gSjp8ZuQq7HtxlmK8vEtsHbGYk5d9t7mtvENY2irnU7Un249/IkCgYEAyt5w\npZ+jfu4HqM+aymy9rjz7u1wWwVgWiEqed1+AvKKusxKFRNq2WlJb8iRWvKb3qftx\nzXxf8uvJ3cY3h8uf1ly0dr11ZQ+52YkeVz47Xi4xJNFuqLND+TzNSWmgiPsG6r1U\nxxnZ1WYaeCgmZi9mZV1USmhiKFt7PF3os6/dhpcCgYEArsu4lCbFsuS45h/M5QCp\npPSeR0KSn/VcTHNjIy0fEKKEQKjiZvqD0pWvqLeHkOludb3u3SqGHTqP+dLm4kpj\nicsDchQE9xfmd7Mfc/IvRGmwSQ0DnFqOCgVFS0ve3FsjZ4i1CjvxWUQ1G9+2u56W\nsUOuZXwhe5xqYMCzjCVTfiECgYBp3Zq7U4tmeaDVn0EP0Z9Khdh39Z6KVwWrKgV4\nFgaAagTwvgF95QS0LbZ9rij1Wcx0kBrbOMR5aEJ30TC5VLGck9Q5ArV4f7RkqQGE\nVZ11kHVk2UX+E06tieU3Ij/8O8NoTFUpcXwTuKynd4xSVvoAe6u5CK/wj4zH+9mr\nq2LXEQKBgQCwVgyspEw1+u0bQyK8Em5PHQXg3J0BKfgVM+hbZLGS4+nEipKFEcs9\nwjhwSiVjbcHaL5mcJjzhH4GgZzhiigaPDE0/At8P/tHGbcnj0t3z8OtWO4aleDLP\nAvTcEPJ7kV54+79LDiAWcgW8uszoZgjA3HUEgRWoWAWTDLesdeKToA==\n-----END RSA PRIVATE KEY-----\n",
            "cluster_ca_certificate": "-----BEGIN CERTIFICATE-----\nMIIDBTCCAe2gAwIBAgIIRoWH2pt7wPcwDQYJKoZIhvcNAQELBQAwFTETMBEGA1UE\nAxMKa3ViZXJuZXRlczAeFw0yNjAzMzAwODEzMzBaFw0zNjAzMjcwODE4MzBaMBUx\nEzARBgNVBAMTCmt1YmVybmV0ZXMwggEiMA0GCSqGSIb3DQEBAQUAA4IBDwAwggEK\nAoIBAQCxxDiVpuhMGpDrygd0M/RHFsHkbanpPegLQe/Kgjg/DFe0VyqzjeY/a7dK\ne40UUFjInlugQBujEg08T6NSSbOevBog2E7fnS4N2woVTnKCUnd91Ohe44Zy5Y5f\nszNIeSaZF/GciEKed+hcu+/2ps7X0bRCZaysIxHQ+UWT2M3iDSOYPx9kaRXJt/K7\nrKKSgPRXuN//zkDsAZPvFaS02R8l0s0+uKxcmM27cN15DsgMMYrTGBZ3omK6sW1t\nfS+0sQNRIBxCi90wvF+2KhI7RsX2j9Ip8ftuzN59vxeNJfFdEsYBgtIQk2Tbez1a\nf69aM0GJroWRkHwniHG58fboKldDAgMBAAGjWTBXMA4GA1UdDwEB/wQEAwICpDAP\nBgNVHRMBAf8EBTADAQH/MB0GA1UdDgQWBBS0Em6jJgb3RRLjA6DDt2jqorhQ0TAV\nBgNVHREEDjAMggprdWJlcm5ldGVzMA0GCSqGSIb3DQEBCwUAA4IBAQBr/OyU1XCW\neh/mfd1bqc0ODFHWyEW8bb1974rtPvdlMT2g6wpfhBe6SDW39R6rbSQbjzpi8aS+\nXw8BcRut9oaDHdJetRgoXu5u7l4LYDtX829Adk+6LJTHU/NSNiZUl+PLbK7Kv6O4\ngPzGMMDMk6JWsOvWyJqz65TT+9l1oU0CJE99FqQp9LKe20xxTKxwf5YDtN/VoGXo\ng9etRmgr+0SxRaEpmSBoZTuweh0mTNkFlKqhe3uDyzx9uZDNpwMZnocPNnEGU58M\nh2pUpLXmA8jy7zxdFo+TfGnvIY3eCPEPlbJOIx7WolzFswxj/GbYua37q0IbB6b4\nQnRKBFBqVY0O\n-----END CERTIFICATE-----\n",
            "completed": true,
            "endpoint": "https://127.0.0.1:51858",
            "id": "survivor-net-",
            "kind_config": [
              {
                "api_version": "kind.x-k8s.io/v1alpha4",
                "containerd_config_patches": [],
                "feature_gates": {},
                "kind": "Cluster",
                "networking": [],
                "node": [
                  {
                    "extra_mounts": [],
                    "extra_port_mappings": [],
                    "image": "kindest/node:v1.31.0",
                    "kubeadm_config_patches": [],
                    "labels": {},
                    "role": "control-plane"
                  },
                  {
                    "extra_mounts": [],
                    "extra_port_mappings": [],
                    "image": "kindest/node:v1.31.0",
                    "kubeadm_config_patches": [
                      "kind: JoinConfiguration\nnodeRegistration:\n  kubeletExtraArgs:\n    node-labels: \"tier=data\"\n"
                    ],
                    "labels": {},
                    "role": "worker"
                  },
                  {
                    "extra_mounts": [],
                    "extra_port_mappings": [],
                    "image": "kindest/node:v1.31.0",
                    "kubeadm_config_patches": [
                      "kind: JoinConfiguration\nnodeRegistration:\n  kubeletExtraArgs:\n    node-labels: \"tier=compute\"\n"
                    ],
                    "labels": {},
                    "role": "worker"
                  },
                  {
                    "extra_mounts": [],
                    "extra_port_mappings": [
                      {
                        "container_port": 80,
                        "host_port": 80,
                        "listen_address": "",
                        "protocol": ""
                      },
                      {
                        "container_port": 443,
                        "host_port": 443,
                        "listen_address": "",
                        "protocol": ""
                      }
                    ],
                    "image": "kindest/node:v1.31.0",
                    "kubeadm_config_patches": [
                      "kind: JoinConfiguration\nnodeRegistration:\n  kubeletExtraArgs:\n    node-labels: \"ingress-ready=true,tier=tools\"\n"
                    ],
                    "labels": {},
                    "role": "worker"
                  }
                ],
                "runtime_config": {}
              }
            ],
            "kubeconfig": "apiVersion: v1\nclusters:\n- cluster:\n    certificate-authority-data: LS0tLS1CRUdJTiBDRVJUSUZJQ0FURS0tLS0tCk1JSURCVENDQWUyZ0F3SUJBZ0lJUm9XSDJwdDd3UGN3RFFZSktvWklodmNOQVFFTEJRQXdGVEVUTUJFR0ExVUUKQXhNS2EzVmlaWEp1WlhSbGN6QWVGdzB5TmpBek16QXdPREV6TXpCYUZ3MHpOakF6TWpjd09ERTRNekJhTUJVeApFekFSQmdOVkJBTVRDbXQxWW1WeWJtVjBaWE13Z2dFaU1BMEdDU3FHU0liM0RRRUJBUVVBQTRJQkR3QXdnZ0VLCkFvSUJBUUN4eERpVnB1aE1HcERyeWdkME0vUkhGc0hrYmFucFBlZ0xRZS9LZ2pnL0RGZTBWeXF6amVZL2E3ZEsKZTQwVVVGaklubHVnUUJ1akVnMDhUNk5TU2JPZXZCb2cyRTdmblM0TjJ3b1ZUbktDVW5kOTFPaGU0NFp5NVk1Zgpzek5JZVNhWkYvR2NpRUtlZCtoY3UrLzJwczdYMGJSQ1pheXNJeEhRK1VXVDJNM2lEU09ZUHg5a2FSWEp0L0s3CnJLS1NnUFJYdU4vL3prRHNBWlB2RmFTMDJSOGwwczArdUt4Y21NMjdjTjE1RHNnTU1ZclRHQlozb21LNnNXMXQKZlMrMHNRTlJJQnhDaTkwd3ZGKzJLaEk3UnNYMmo5SXA4ZnR1ek41OXZ4ZU5KZkZkRXNZQmd0SVFrMlRiZXoxYQpmNjlhTTBHSnJvV1JrSHduaUhHNThmYm9LbGREQWdNQkFBR2pXVEJYTUE0R0ExVWREd0VCL3dRRUF3SUNwREFQCkJnTlZIUk1CQWY4RUJUQURBUUgvTUIwR0ExVWREZ1FXQkJTMEVtNmpKZ2IzUlJMakE2RER0Mmpxb3JoUTBUQVYKQmdOVkhSRUVEakFNZ2dwcmRXSmxjbTVsZEdWek1BMEdDU3FHU0liM0RRRUJDd1VBQTRJQkFRQnIvT3lVMVhDVwplaC9tZmQxYnFjME9ERkhXeUVXOGJiMTk3NHJ0UHZkbE1UMmc2d3BmaEJlNlNEVzM5UjZyYlNRYmp6cGk4YVMrClh3OEJjUnV0OW9hREhkSmV0UmdvWHU1dTdsNExZRHRYODI5QWRrKzZMSlRIVS9OU05pWlVsK1BMYks3S3Y2TzQKZ1B6R01NRE1rNkpXc092V3lKcXo2NVRUKzlsMW9VMENKRTk5RnFRcDlMS2UyMHh4VEt4d2Y1WUR0Ti9Wb0dYbwpnOWV0Um1nciswU3hSYUVwbVNCb1pUdXdlaDBtVE5rRmxLcWhlM3VEeXp4OXVaRE5wd01abm9jUE5uRUdVNThNCmgycFVwTFhtQThqeTd6eGRGbytUZkdudklZM2VDUEVQbGJKT0l4N1dvbHpGc3d4ai9HYll1YTM3cTBJYkI2YjQKUW5SS0JGQnFWWTBPCi0tLS0tRU5EIENFUlRJRklDQVRFLS0tLS0K\n    server: https://127.0.0.1:51858\n  name: kind-survivor-net\ncontexts:\n- context:\n    cluster: kind-survivor-net\n    user: kind-survivor-net\n  name: kind-survivor-net\ncurrent-context: kind-survivor-net\nkind: Config\npreferences: {}\nusers:\n- name: kind-survivor-net\n  user:\n    client-certificate-data: LS0tLS1CRUdJTiBDRVJUSUZJQ0FURS0tLS0tCk1JSURLVENDQWhHZ0F3SUJBZ0lJUjVnckZ3TFZkRUl3RFFZSktvWklodmNOQVFFTEJRQXdGVEVUTUJFR0ExVUUKQXhNS2EzVmlaWEp1WlhSbGN6QWVGdzB5TmpBek16QXdPREV6TXpCYUZ3MHlOekF6TXpBd09ERTRNekJhTUR3eApIekFkQmdOVkJBb1RGbXQxWW1WaFpHMDZZMngxYzNSbGNpMWhaRzFwYm5NeEdUQVhCZ05WQkFNVEVHdDFZbVZ5CmJtVjBaWE10WVdSdGFXNHdnZ0VpTUEwR0NTcUdTSWIzRFFFQkFRVUFBNElCRHdBd2dnRUtBb0lCQVFDL0pqU2sKTlladWltQTZCeU02a3hPcEJWcEFEU1EwRjgwcldjOW9KdG83N2NyR3VjbXkvU01RSWxoelNrQk5MazFuSThMcwp3cEFOaVlpRFRPb09wTExhSlBOLzhjT29hdS85bEQwK05tRmhRZ2RGbTJ0TXIwVFhDNWhGL09rSzlIZWxkcHhTCkhyR0k5TW5JbGdDSVdzdmsvVmlyZ1puR0diR0xadVBCWlNMUzd3YklDYkpwRDJWUDM5dk1Oa1lDSXpkOWdBZmcKOWthM20xdmxEVFptOFVNc1hCTHVTb3dLeXBidDJ1QXhPbENsYUF5SllPTlRXNlV2Zmh5SFEveGtubHlaNk5aUQprbVVFcnQybU1odEU5SE93ZlV5N0lnOUkzRC94Qmw0eHB0TFA4aWFSc3k2NklSa2diVUlyVHg3TXZyTFlYK2xrCmphSUY0YkxDSks0aUJLclBBZ01CQUFHalZqQlVNQTRHQTFVZER3RUIvd1FFQXdJRm9EQVRCZ05WSFNVRUREQUsKQmdnckJnRUZCUWNEQWpBTUJnTlZIUk1CQWY4RUFqQUFNQjhHQTFVZEl3UVlNQmFBRkxRU2JxTW1CdmRGRXVNRApvTU8zYU9xaXVGRFJNQTBHQ1NxR1NJYjNEUUVCQ3dVQUE0SUJBUUIrMHE0RENvUG9IdFc0UE9DcEdvTU5PR3lLClpQSXpuMkwvV0pWQVVGeFoveC9HT0lpRGJSazFPNUpLbnhTL3N6UFJXUnFRQ1ZFZ01BQXlDZHB3bys5L1ZVMncKWWRRcWpTYkp1UnM5bDJjOWU1cm1wdFNscytQbThhL3pha3BNK1VweDNwWWliR09NWVFlVDdrUGdHQ05jQkFERApGdEFIUVdoSzlhTFR0ZVNoT0xlcE1kTzExU0tkUmpQS2lRcUU5RTdRZzA0SlJ0dGtQbVZTSjBxS3pha2tzSlJQCmdPbUE0YS9NK2pPY1pPWGs1RENZeUZ4Y241cVh3cy9rcEdXRGxtTkdiQ2pNRU9GLzZFQ1d1dFk2TVJFWWdwZisKNkJ1dnVGY29LSC9DRzByT3pJM3gxTmRmTU9yRjRNQVRkSDlMRDdaOGw0TjRjU0VvZVNWK2V5TlkwaTZjCi0tLS0tRU5EIENFUlRJRklDQVRFLS0tLS0K\n    client-key-data: LS0tLS1CRUdJTiBSU0EgUFJJVkFURSBLRVktLS0tLQpNSUlFcEFJQkFBS0NBUUVBdnlZMHBEV0dib3BnT2djak9wTVRxUVZhUUEwa05CZk5LMW5QYUNiYU8rM0t4cm5KCnN2MGpFQ0pZYzBwQVRTNU5aeVBDN01LUURZbUlnMHpxRHFTeTJpVHpmL0hEcUdydi9aUTlQalpoWVVJSFJadHIKVEs5RTF3dVlSZnpwQ3ZSM3BYYWNVaDZ4aVBUSnlKWUFpRnJMNVAxWXE0R1p4aG14aTJiandXVWkwdThHeUFteQphUTlsVDkvYnpEWkdBaU0zZllBSDRQWkd0NXRiNVEwMlp2RkRMRndTN2txTUNzcVc3ZHJnTVRwUXBXZ01pV0RqClUxdWxMMzRjaDBQOFpKNWNtZWpXVUpKbEJLN2RwakliUlBSenNIMU11eUlQU053LzhRWmVNYWJTei9JbWtiTXUKdWlFWklHMUNLMDhlekw2eTJGL3BaSTJpQmVHeXdpU3VJZ1NxendJREFRQUJBb0lCQUh4RjZwT1grUDZGR0dxaAptVlhMcVV5S0hsTG1PRk5sNWczNUpjOGc4MkZqQ0NLTFI0Y0c3SFRnMzRDVkZaa1lNVnFNOVgzWVFLK01heVJ5CkxQbTRPazk1RnBab0tEeW15Y0NqVCszU2pSMGVRSHdRdjRIcnNXWGVNL0hNcS9aaldpWkpKdmg4M0ErZWxsSEMKdERYeVVmMWVlUGVJR3VHZ2NyMmU5eFFWSEw3bFoxdTdGZkp5RVNlaWpzNUJQYmNUMnlUZzNibXovTi9KanFwRApTMG9ib3hrTzFST3h0OFhNNTRRTHRiMkJtVGs0bVBBRzlBdzZLVEp3MUQxcVFFVmZhQlJnK0xmSmYwNEtRRnBsCldDb3NqdHJDZGxLa1l5NUxVNmhFQlJXODU5N2g4ak54NW1pR3BqOGZ6NnhsZ3BkMlNqamFCY0swbk9PL0JzUFQKbm1pOGZRRUNnWUVBOFRZQ0hNSnpxajNGekpuaEcwNG5PcWpZSEVzV1gzbHZseldVQXhzemY1YU1IN2tmU1BnYQpIZTkrOTV1eWdxQUd1UVdGNUdpaVcyR2pGKzFmNlg4aStVbGI1cThURGp3NjBWUHZPRmxlUis4MUUrTUEyU2hsCnk0bCtnU2pwOFp1UXE3SHR4bG1LOHZFdHNIYkdZazVkOXQ3bXR2RU5ZMmlyblU3VW4yNDkvSWtDZ1lFQXl0NXcKcForamZ1NEhxTStheW15OXJqejd1MXdXd1ZnV2lFcWVkMStBdktLdXN4S0ZSTnEyV2xKYjhpUld2S2IzcWZ0eAp6WHhmOHV2SjNjWTNoOHVmMWx5MGRyMTFaUSs1MllrZVZ6NDdYaTR4Sk5GdXFMTkQrVHpOU1dtZ2lQc0c2cjFVCnh4bloxV1lhZUNnbVppOW1aVjFVU21oaUtGdDdQRjNvczYvZGhwY0NnWUVBcnN1NGxDYkZzdVM0NWgvTTVRQ3AKcFBTZVIwS1NuL1ZjVEhOakl5MGZFS0tFUUtqaVp2cUQwcFd2cUxlSGtPbHVkYjN1M1NxR0hUcVArZExtNGtwagppY3NEY2hRRTl4Zm1kN01mYy9JdlJHbXdTUTBEbkZxT0NnVkZTMHZlM0Zzalo0aTFDanZ4V1VRMUc5KzJ1NTZXCnNVT3VaWHdoZTV4cVlNQ3pqQ1ZUZmlFQ2dZQnAzWnE3VTR0bWVhRFZuMEVQMFo5S2hkaDM5WjZLVndXcktnVjQKRmdhQWFnVHd2Z0Y5NVFTMExiWjlyaWoxV2N4MGtCcmJPTVI1YUVKMzBUQzVWTEdjazlRNUFyVjRmN1JrcVFHRQpWWjExa0hWazJVWCtFMDZ0aWVVM0lqLzhPOE5vVEZVcGNYd1R1S3luZDR4U1Z2b0FlNnU1Q0svd2o0ekgrOW1yCnEyTFhFUUtCZ1FDd1ZneXNwRXcxK3UwYlF5SzhFbTVQSFFYZzNKMEJLZmdWTStoYlpMR1M0K25FaXBLRkVjczkKd2pod1NpVmpiY0hhTDVtY0pqemhINEdnWnpoaWlnYVBERTAvQXQ4UC90SEdiY25qMHQzejhPdFdPNGFsZURMUApBdlRjRVBKN2tWNTQrNzlMRGlBV2NnVzh1c3pvWmdqQTNIVUVnUldvV0FXVERMZXNkZUtUb0E9PQotLS0tLUVORCBSU0EgUFJJVkFURSBLRVktLS0tLQo=\n",
            "kubeconfig_path": "/Users/F5371961/platform-engineering/survivor-network/survivor-infra/survivor-net-config",
            "name": "survivor-net",
            "node_image": null,
            "timeouts": null,
            "wait_for_ready": true
          },
          "sensitive_attributes": [],
          "private": "eyJlMmJmYjczMC1lY2FhLTExZTYtOGY4OC0zNDM2M2JjN2M0YzAiOnsiY3JlYXRlIjozMDAwMDAwMDAwMDAsImRlbGV0ZSI6MzAwMDAwMDAwMDAwLCJ1cGRhdGUiOjMwMDAwMDAwMDAwMH19"
        }
      ]
    },
    {
      "mode": "managed",
      "type": "kubernetes_ingress_v1",
      "name": "minio_ingress",
      "provider": "provider[\"registry.terraform.io/hashicorp/kubernetes\"]",
      "instances": [
        {
          "schema_version": 0,
          "attributes": {
            "id": "data/minio-ingress",
            "metadata": [
              {
                "annotations": {
                  "nginx.ingress.kubernetes.io/cors-allow-credentials": "true",
                  "nginx.ingress.kubernetes.io/cors-allow-methods": "PUT, GET, POST, OPTIONS, DELETE",
                  "nginx.ingress.kubernetes.io/cors-allow-origin": "http://minio.127.0.0.1.nip.io, http://minio-api.127.0.0.1.nip.io",
                  "nginx.ingress.kubernetes.io/enable-cors": "true",
                  "nginx.ingress.kubernetes.io/proxy-body-size": "1024m",
                  "nginx.ingress.kubernetes.io/proxy-http-version": "1.1",
                  "nginx.ingress.kubernetes.io/proxy-read-timeout": "600",
                  "nginx.ingress.kubernetes.io/proxy-send-timeout": "600",
                  "nginx.ingress.kubernetes.io/ssl-redirect": "false"
                },
                "generate_name": "",
                "generation": 1,
                "labels": {},
                "name": "minio-ingress",
                "namespace": "data",
                "resource_version": "4424",
                "uid": "aaf5c93c-9dc5-40e4-aeea-6adbbe9d405c"
              }
            ],
            "spec": [
              {
                "default_backend": [],
                "ingress_class_name": "nginx",
                "rule": [
                  {
                    "host": "minio.127.0.0.1.nip.io",
                    "http": [
                      {
                        "path": [
                          {
                            "backend": [
                              {
                                "resource": [],
                                "service": [
                                  {
                                    "name": "survivor-storage",
                                    "port": [
                                      {
                                        "name": "",
                                        "number": 9001
                                      }
                                    ]
                                  }
                                ]
                              }
                            ],
                            "path": "/",
                            "path_type": "Prefix"
                          }
                        ]
                      }
                    ]
                  },
                  {
                    "host": "minio-api.127.0.0.1.nip.io",
                    "http": [
                      {
                        "path": [
                          {
                            "backend": [
                              {
                                "resource": [],
                                "service": [
                                  {
                                    "name": "survivor-storage",
                                    "port": [
                                      {
                                        "name": "",
                                        "number": 9000
                                      }
                                    ]
                                  }
                                ]
                              }
                            ],
                            "path": "/",
                            "path_type": "Prefix"
                          }
                        ]
                      }
                    ]
                  }
                ],
                "tls": []
              }
            ],
            "status": [
              {
                "load_balancer": [
                  {
                    "ingress": [
                      {
                        "hostname": "",
                        "ip": "10.96.109.192"
                      }
                    ]
                  }
                ]
              }
            ],
            "timeouts": null,
            "wait_for_load_balancer": null
          },
          "sensitive_attributes": [],
          "private": "eyJlMmJmYjczMC1lY2FhLTExZTYtOGY4OC0zNDM2M2JjN2M0YzAiOnsiY3JlYXRlIjoxMjAwMDAwMDAwMDAwLCJkZWxldGUiOjEyMDAwMDAwMDAwMDB9fQ==",
          "dependencies": [
            "helm_release.ingress_nginx",
            "helm_release.minio",
            "kind_cluster.survivor_net",
            "kubernetes_namespace.namespaces"
          ]
        }
      ]
    },
    {
      "mode": "managed",
      "type": "kubernetes_namespace",
      "name": "namespaces",
      "provider": "provider[\"registry.terraform.io/hashicorp/kubernetes\"]",
      "instances": [
        {
          "index_key": "argo",
          "schema_version": 0,
          "attributes": {
            "id": "argo",
            "metadata": [
              {
                "annotations": {},
                "generate_name": "",
                "generation": 0,
                "labels": {
                  "env": "prod-local",
                  "managed-by": "terraform"
                },
                "name": "argo",
                "resource_version": "712",
                "uid": "542f033c-67d6-4cc1-8f45-9c933923918b"
              }
            ],
            "timeouts": null,
            "wait_for_default_service_account": false
          },
          "sensitive_attributes": [],
          "private": "eyJlMmJmYjczMC1lY2FhLTExZTYtOGY4OC0zNDM2M2JjN2M0YzAiOnsiZGVsZXRlIjozMDAwMDAwMDAwMDB9fQ==",
          "dependencies": [
            "kind_cluster.survivor_net"
          ]
        },
        {
          "index_key": "data",
          "schema_version": 0,
          "attributes": {
            "id": "data",
            "metadata": [
              {
                "annotations": {},
                "generate_name": "",
                "generation": 0,
                "labels": {
                  "env": "prod-local",
                  "managed-by": "terraform"
                },
                "name": "data",
                "resource_version": "711",
                "uid": "e38a5657-953a-43d5-bf77-38b2ab09f4d5"
              }
            ],
            "timeouts": null,
            "wait_for_default_service_account": false
          },
          "sensitive_attributes": [],
          "private": "eyJlMmJmYjczMC1lY2FhLTExZTYtOGY4OC0zNDM2M2JjN2M0YzAiOnsiZGVsZXRlIjozMDAwMDAwMDAwMDB9fQ==",
          "dependencies": [
            "kind_cluster.survivor_net"
          ]
        },
        {
          "index_key": "observability",
          "schema_version": 0,
          "attributes": {
            "id": "observability",
            "metadata": [
              {
                "annotations": {},
                "generate_name": "",
                "generation": 0,
                "labels": {
                  "env": "prod-local",
                  "managed-by": "terraform"
                },
                "name": "observability",
                "resource_version": "710",
                "uid": "cf9c3ad1-f0a5-4ce5-852d-d75b8a1bc982"
              }
            ],
            "timeouts": null,
            "wait_for_default_service_account": false
          },
          "sensitive_attributes": [],
          "private": "eyJlMmJmYjczMC1lY2FhLTExZTYtOGY4OC0zNDM2M2JjN2M0YzAiOnsiZGVsZXRlIjozMDAwMDAwMDAwMDB9fQ==",
          "dependencies": [
            "kind_cluster.survivor_net"
          ]
        },
        {
          "index_key": "survivor-apps",
          "schema_version": 0,
          "attributes": {
            "id": "survivor-apps",
            "metadata": [
              {
                "annotations": {},
                "generate_name": "",
                "generation": 0,
                "labels": {
                  "env": "prod-local",
                  "managed-by": "terraform"
                },
                "name": "survivor-apps",
                "resource_version": "709",
                "uid": "b0c42725-5832-4227-bec7-ccb5162a1eb7"
              }
            ],
            "timeouts": null,
            "wait_for_default_service_account": false
          },
          "sensitive_attributes": [],
          "private": "eyJlMmJmYjczMC1lY2FhLTExZTYtOGY4OC0zNDM2M2JjN2M0YzAiOnsiZGVsZXRlIjozMDAwMDAwMDAwMDB9fQ==",
          "dependencies": [
            "kind_cluster.survivor_net"
          ]
        }
      ]
    },
    {
      "mode": "managed",
      "type": "null_resource",
      "name": "apply_backend_manifests",
      "provider": "provider[\"registry.terraform.io/hashicorp/null\"]",
      "instances": [
        {
          "schema_version": 0,
          "attributes": {
            "id": "2622939103912646686",
            "triggers": {
              "deployment_sha": "38cfd6a9c7197e68f7baa39bcb8aed38149240ad82bb5d40e24005efcb4b4013",
              "image_tag": "latest",
              "ingress_sha": "f1bdd3489ac3ef7921e1406ff3f7966837d21f668f7b710446b2d29f3bbe6413"
            }
          },
          "sensitive_attributes": [],
          "dependencies": [
            "helm_release.ingress_nginx",
            "helm_release.minio",
            "helm_release.postgresql",
            "kind_cluster.survivor_net",
            "kubernetes_namespace.namespaces",
            "null_resource.load_backend_image"
          ]
        }
      ]
    },
    {
      "mode": "managed",
      "type": "null_resource",
      "name": "build_backend_image",
      "provider": "provider[\"registry.terraform.io/hashicorp/null\"]",
      "instances": [
        {
          "schema_version": 0,
          "attributes": {
            "id": "3444385611042678472",
            "triggers": {
              "dockerfile_sha": "d2196299b656d21010c0f65f0862393b220b5cf81774f533776c89f21a7dccc8",
              "image_tag": "latest"
            }
          },
          "sensitive_attributes": [],
          "dependencies": [
            "kind_cluster.survivor_net"
          ]
        }
      ]
    },
    {
      "mode": "managed",
      "type": "null_resource",
      "name": "load_backend_image",
      "provider": "provider[\"registry.terraform.io/hashicorp/null\"]",
      "instances": [
        {
          "schema_version": 0,
          "attributes": {
            "id": "6933609688041790059",
            "triggers": {
              "image_tag": "latest"
            }
          },
          "sensitive_attributes": [],
          "dependencies": [
            "kind_cluster.survivor_net",
            "null_resource.build_backend_image"
          ]
        }
      ]
    },
    {
      "mode": "managed",
      "type": "null_resource",
      "name": "restart_backend",
      "provider": "provider[\"registry.terraform.io/hashicorp/null\"]",
      "instances": [
        {
          "schema_version": 0,
          "attributes": {
            "id": "603085045827237585",
            "triggers": {
              "image_tag": "latest"
            }
          },
          "sensitive_attributes": [],
          "dependencies": [
            "helm_release.ingress_nginx",
            "helm_release.minio",
            "helm_release.postgresql",
            "kind_cluster.survivor_net",
            "kubernetes_namespace.namespaces",
            "null_resource.apply_backend_manifests",
            "null_resource.build_backend_image",
            "null_resource.load_backend_image"
          ]
        }
      ]
    },
    {
      "mode": "managed",
      "type": "null_resource",
      "name": "rollout_backend",
      "provider": "provider[\"registry.terraform.io/hashicorp/null\"]",
      "instances": [
        {
          "status": "tainted",
          "schema_version": 0,
          "attributes": {
            "id": "3035710606973228110",
            "triggers": {
              "image_tag": "latest"
            }
          },
          "sensitive_attributes": [],
          "dependencies": [
            "null_resource.restart_backend"
          ]
        }
      ]
    }
  ],
  "check_results": null
}
